<?xml version="1.0" encoding="utf-8"?>
<Project ToolsVersion="15.0" xmlns="http://schemas.microsoft.com/developer/msbuild/2003">
  <ItemGroup>
    <Filter Include="Assets">
      <UniqueIdentifier>5705d810-3249-4dbc-afcf-4f882201afc3</UniqueIdentifier>
      <Extensions>bmp;fbx;gif;jpg;jpeg;tga;tiff;tif;png</Extensions>
    </Filter>
    <Filter Include="usr">
      <UniqueIdentifier>{46940e8f-96b3-4006-8c3f-f480831aa998}</UniqueIdentifier>
    </Filter>
    <Filter Include="usr\share">
      <UniqueIdentifier>{54721f39-0a41-4ca6-8ae9-762b740dec4f}</UniqueIdentifier>
    </Filter>
    <Filter Include="usr\share\graphlet">
      <UniqueIdentifier>{d10260c3-c5ef-4a35-a443-b0a6b0a2927e}</UniqueIdentifier>
    </Filter>
    <Filter Include="usr\share\locale">
      <UniqueIdentifier>{7e87823e-6404-459a-b165-f0f304070ce5}</UniqueIdentifier>
    </Filter>
    <Filter Include="usr\share\locale\en-US">
      <UniqueIdentifier>{e5f37081-82a1-4f30-8de8-93ec8270df46}</UniqueIdentifier>
    </Filter>
    <Filter Include="usr\share\locale\zh-CN">
      <UniqueIdentifier>{ea10d042-1ab3-4a9d-aa9e-cd24f4573d2f}</UniqueIdentifier>
    </Filter>
    <Filter Include="page">
      <UniqueIdentifier>{cd9852f4-3c11-482e-a2e4-fab51145f2d8}</UniqueIdentifier>
    </Filter>
    <Filter Include="frame">
      <UniqueIdentifier>{659d284d-a719-45df-9bd0-ce4d6905a508}</UniqueIdentifier>
    </Filter>
    <Filter Include="usr\share\graphlet\Fire">
      <UniqueIdentifier>{f45b3390-df89-4707-afce-4dcef3b24e4f}</UniqueIdentifier>
    </Filter>
    <Filter Include="usr\share\graphlet\Alarm">
      <UniqueIdentifier>{4786e998-bc7a-43e6-ac20-28b9df34da6e}</UniqueIdentifier>
    </Filter>
    <Filter Include="usr\share\graphlet\Generator">
      <UniqueIdentifier>{e1af6de8-065c-4300-a6fc-78cab6abc5bc}</UniqueIdentifier>
    </Filter>
    <Filter Include="usr\share\graphlet\AirConditioner">
      <UniqueIdentifier>{97964683-b580-42b8-9d18-d87566de359b}</UniqueIdentifier>
    </Filter>
    <Filter Include="usr\share\graphlet\Propeller">
      <UniqueIdentifier>{6f34fcae-9b88-42ad-95d8-b666fd59a8a1}</UniqueIdentifier>
    </Filter>
    <Filter Include="usr\share\graphlet\ACMode">
      <UniqueIdentifier>{00bf4ffb-0cf4-42f3-8d86-d03208df3f68}</UniqueIdentifier>
    </Filter>
    <Filter Include="usr\share\graphlet\Diagram">
      <UniqueIdentifier>{2d9f71a5-5407-47fa-975f-4f28c1f216e5}</UniqueIdentifier>
    </Filter>
    <Filter Include="usr\share\graphlet\Light">
      <UniqueIdentifier>{847b99b9-9798-4b31-95e9-36f3ed0cec92}</UniqueIdentifier>
    </Filter>
    <Filter Include="usr\share\graphlet\Curtain">
      <UniqueIdentifier>{f2a7bc8b-0cab-4a9c-8c71-1bc06048a49e}</UniqueIdentifier>
    </Filter>
    <Filter Include="usr\share\graphlet\Camera">
      <UniqueIdentifier>{3fa3e73c-7bfd-47d1-853e-218bb915c815}</UniqueIdentifier>
    </Filter>
  </ItemGroup>
  <ItemGroup>
    <ClCompile Include="Yacht63FT.cxx" />
    <ClCompile Include="plc.cpp" />
    <ClCompile Include="page\homepage.cpp">
      <Filter>page</Filter>
    </ClCompile>
    <ClCompile Include="configuration.cpp" />
    <ClCompile Include="frame\statusbar.cpp">
      <Filter>frame</Filter>
    </ClCompile>
    <ClCompile Include="frame\navigatorbar.cpp">
      <Filter>frame</Filter>
    </ClCompile>
    <ClCompile Include="page\airconditioner.cpp">
      <Filter>page</Filter>
    </ClCompile>
    <ClCompile Include="page\light.cpp">
      <Filter>page</Filter>
    </ClCompile>
    <ClCompile Include="page\camera.cpp">
      <Filter>page</Filter>
    </ClCompile>
    <ClCompile Include="page\fire.cpp">
      <Filter>page</Filter>
    </ClCompile>
  </ItemGroup>
  <ItemGroup>
    <ClInclude Include="plc.hpp" />
    <ClInclude Include="configuration.hpp" />
    <ClInclude Include="page\homepage.hpp">
      <Filter>page</Filter>
    </ClInclude>
    <ClInclude Include="frame\statusbar.hpp">
      <Filter>frame</Filter>
    </ClInclude>
    <ClInclude Include="frame\navigatorbar.hxx">
      <Filter>frame</Filter>
    </ClInclude>
    <ClInclude Include="page\airconditioner.hpp">
      <Filter>page</Filter>
    </ClInclude>
    <ClInclude Include="page\light.hpp">
      <Filter>page</Filter>
    </ClInclude>
    <ClInclude Include="page\camera.hpp">
      <Filter>page</Filter>
    </ClInclude>
    <ClInclude Include="page\fire.hpp">
      <Filter>page</Filter>
    </ClInclude>
  </ItemGroup>
  <ItemGroup>
    <Image Include="Assets\LockScreenLogo.scale-200.png">
      <Filter>Assets</Filter>
    </Image>
    <Image Include="Assets\SplashScreen.scale-200.png">
      <Filter>Assets</Filter>
    </Image>
    <Image Include="Assets\Square150x150Logo.scale-200.png">
      <Filter>Assets</Filter>
    </Image>
    <Image Include="Assets\Square44x44Logo.scale-200.png">
      <Filter>Assets</Filter>
    </Image>
    <Image Include="Assets\Square44x44Logo.targetsize-24_altform-unplated.png">
      <Filter>Assets</Filter>
    </Image>
    <Image Include="Assets\Wide310x150Logo.scale-200.png">
      <Filter>Assets</Filter>
    </Image>
    <Image Include="Assets\SmallTile.scale-100.png">
      <Filter>Assets</Filter>
    </Image>
    <Image Include="Assets\SmallTile.scale-125.png">
      <Filter>Assets</Filter>
    </Image>
    <Image Include="Assets\SmallTile.scale-150.png">
      <Filter>Assets</Filter>
    </Image>
    <Image Include="Assets\SmallTile.scale-200.png">
      <Filter>Assets</Filter>
    </Image>
    <Image Include="Assets\SmallTile.scale-400.png">
      <Filter>Assets</Filter>
    </Image>
    <Image Include="Assets\Square150x150Logo.scale-100.png">
      <Filter>Assets</Filter>
    </Image>
    <Image Include="Assets\Square150x150Logo.scale-125.png">
      <Filter>Assets</Filter>
    </Image>
    <Image Include="Assets\Square150x150Logo.scale-150.png">
      <Filter>Assets</Filter>
    </Image>
    <Image Include="Assets\Square150x150Logo.scale-400.png">
      <Filter>Assets</Filter>
    </Image>
    <Image Include="Assets\Wide310x150Logo.scale-100.png">
      <Filter>Assets</Filter>
    </Image>
    <Image Include="Assets\Wide310x150Logo.scale-125.png">
      <Filter>Assets</Filter>
    </Image>
    <Image Include="Assets\Wide310x150Logo.scale-150.png">
      <Filter>Assets</Filter>
    </Image>
    <Image Include="Assets\Wide310x150Logo.scale-400.png">
      <Filter>Assets</Filter>
    </Image>
    <Image Include="Assets\LargeTile.scale-100.png">
      <Filter>Assets</Filter>
    </Image>
    <Image Include="Assets\LargeTile.scale-125.png">
      <Filter>Assets</Filter>
    </Image>
    <Image Include="Assets\LargeTile.scale-150.png">
      <Filter>Assets</Filter>
    </Image>
    <Image Include="Assets\LargeTile.scale-200.png">
      <Filter>Assets</Filter>
    </Image>
    <Image Include="Assets\LargeTile.scale-400.png">
      <Filter>Assets</Filter>
    </Image>
    <Image Include="Assets\Square44x44Logo.scale-100.png">
      <Filter>Assets</Filter>
    </Image>
    <Image Include="Assets\Square44x44Logo.scale-125.png">
      <Filter>Assets</Filter>
    </Image>
    <Image Include="Assets\Square44x44Logo.scale-150.png">
      <Filter>Assets</Filter>
    </Image>
    <Image Include="Assets\Square44x44Logo.scale-400.png">
      <Filter>Assets</Filter>
    </Image>
    <Image Include="Assets\Square44x44Logo.targetsize-16.png">
      <Filter>Assets</Filter>
    </Image>
    <Image Include="Assets\Square44x44Logo.targetsize-24.png">
      <Filter>Assets</Filter>
    </Image>
    <Image Include="Assets\Square44x44Logo.targetsize-32.png">
      <Filter>Assets</Filter>
    </Image>
    <Image Include="Assets\Square44x44Logo.targetsize-48.png">
      <Filter>Assets</Filter>
    </Image>
    <Image Include="Assets\Square44x44Logo.targetsize-256.png">
      <Filter>Assets</Filter>
    </Image>
    <Image Include="Assets\Square44x44Logo.altform-unplated_targetsize-16.png">
      <Filter>Assets</Filter>
    </Image>
    <Image Include="Assets\Square44x44Logo.altform-unplated_targetsize-32.png">
      <Filter>Assets</Filter>
    </Image>
    <Image Include="Assets\Square44x44Logo.altform-unplated_targetsize-48.png">
      <Filter>Assets</Filter>
    </Image>
    <Image Include="Assets\Square44x44Logo.altform-unplated_targetsize-256.png">
      <Filter>Assets</Filter>
    </Image>
    <Image Include="Assets\SplashScreen.scale-100.png">
      <Filter>Assets</Filter>
    </Image>
    <Image Include="Assets\SplashScreen.scale-125.png">
      <Filter>Assets</Filter>
    </Image>
    <Image Include="Assets\SplashScreen.scale-150.png">
      <Filter>Assets</Filter>
    </Image>
    <Image Include="Assets\SplashScreen.scale-400.png">
      <Filter>Assets</Filter>
    </Image>
    <Image Include="Assets\StoreLogo.scale-100.png">
      <Filter>Assets</Filter>
    </Image>
    <Image Include="Assets\StoreLogo.scale-125.png">
      <Filter>Assets</Filter>
    </Image>
    <Image Include="Assets\StoreLogo.scale-150.png">
      <Filter>Assets</Filter>
    </Image>
    <Image Include="Assets\StoreLogo.scale-200.png">
      <Filter>Assets</Filter>
    </Image>
    <Image Include="Assets\StoreLogo.scale-400.png">
      <Filter>Assets</Filter>
    </Image>
    <Image Include="usr\share\graphlet\yacht.png">
      <Filter>usr\share\graphlet</Filter>
    </Image>
    <Image Include="usr\share\graphlet\skeleton.png">
      <Filter>usr\share\graphlet</Filter>
    </Image>
    <Image Include="usr\share\graphlet\gps.png">
      <Filter>usr\share\graphlet</Filter>
    </Image>
    <Image Include="usr\share\graphlet\Fire\Alerting.png">
      <Filter>usr\share\graphlet\Fire</Filter>
    </Image>
    <Image Include="usr\share\graphlet\Fire\Running.png">
      <Filter>usr\share\graphlet\Fire</Filter>
    </Image>
    <Image Include="usr\share\graphlet\Fire\Stopped.png">
      <Filter>usr\share\graphlet\Fire</Filter>
    </Image>
    <Image Include="usr\share\graphlet\Alarm\Running.png">
      <Filter>usr\share\graphlet\Alarm</Filter>
    </Image>
    <Image Include="usr\share\graphlet\Alarm\Alerting.png">
      <Filter>usr\share\graphlet\Alarm</Filter>
    </Image>
    <Image Include="usr\share\graphlet\Generator\Running.png">
      <Filter>usr\share\graphlet\Generator</Filter>
    </Image>
    <Image Include="usr\share\graphlet\Generator\Stopped.png">
      <Filter>usr\share\graphlet\Generator</Filter>
    </Image>
    <Image Include="usr\share\graphlet\Generator\Alerting.png">
      <Filter>usr\share\graphlet\Generator</Filter>
    </Image>
    <Image Include="usr\share\graphlet\AirConditioner\Alerting.png">
      <Filter>usr\share\graphlet\AirConditioner</Filter>
    </Image>
    <Image Include="usr\share\graphlet\AirConditioner\Stopped.png">
      <Filter>usr\share\graphlet\AirConditioner</Filter>
    </Image>
    <Image Include="usr\share\graphlet\AirConditioner\Running.png">
      <Filter>usr\share\graphlet\AirConditioner</Filter>
    </Image>
    <Image Include="usr\share\graphlet\Propeller\Running.png">
      <Filter>usr\share\graphlet\Propeller</Filter>
    </Image>
    <Image Include="usr\share\graphlet\Propeller\Alerting.png">
      <Filter>usr\share\graphlet\Propeller</Filter>
    </Image>
    <Image Include="usr\share\graphlet\Propeller\Stopped.png">
      <Filter>usr\share\graphlet\Propeller</Filter>
    </Image>
    <Image Include="usr\share\graphlet\Alarm\Stopped.png">
      <Filter>usr\share\graphlet\Alarm</Filter>
    </Image>
    <Image Include="usr\share\graphlet\Alarm\false.png">
      <Filter>usr\share\graphlet\Alarm</Filter>
    </Image>
    <Image Include="usr\share\graphlet\Alarm\true.png">
      <Filter>usr\share\graphlet\Alarm</Filter>
    </Image>
    <Image Include="usr\share\graphlet\inactive.png">
      <Filter>usr\share\graphlet</Filter>
    </Image>
    <Image Include="usr\share\graphlet\active.png">
      <Filter>usr\share\graphlet</Filter>
    </Image>
    <Image Include="usr\share\graphlet\ACMode\Refrigeration.png">
      <Filter>usr\share\graphlet\ACMode</Filter>
    </Image>
    <Image Include="usr\share\graphlet\ACMode\Breakdown.png">
      <Filter>usr\share\graphlet\ACMode</Filter>
    </Image>
    <Image Include="usr\share\graphlet\ACMode\Heating.png">
      <Filter>usr\share\graphlet\ACMode</Filter>
    </Image>
    <Image Include="usr\share\graphlet\Diagram\Alerting.png">
      <Filter>usr\share\graphlet\Diagram</Filter>
    </Image>
    <Image Include="usr\share\graphlet\Diagram\Running.png">
      <Filter>usr\share\graphlet\Diagram</Filter>
    </Image>
    <Image Include="usr\share\graphlet\Diagram\Stopped.png">
      <Filter>usr\share\graphlet\Diagram</Filter>
    </Image>
    <Image Include="usr\share\graphlet\Light\Stopped.png">
      <Filter>usr\share\graphlet\Light</Filter>
    </Image>
    <Image Include="usr\share\graphlet\Light\false.png">
      <Filter>usr\share\graphlet\Light</Filter>
    </Image>
    <Image Include="usr\share\graphlet\Light\true.png">
      <Filter>usr\share\graphlet\Light</Filter>
    </Image>
    <Image Include="usr\share\graphlet\Curtain\false.png">
      <Filter>usr\share\graphlet\Curtain</Filter>
    </Image>
    <Image Include="usr\share\graphlet\Curtain\true.png">
      <Filter>usr\share\graphlet\Curtain</Filter>
    </Image>
    <Image Include="usr\share\graphlet\Camera\Stopped.png">
      <Filter>usr\share\graphlet\Camera</Filter>
    </Image>
    <Image Include="usr\share\graphlet\Fire\true.png">
      <Filter>usr\share\graphlet\Fire</Filter>
    </Image>
  </ItemGroup>
  <ItemGroup>
    <AppxManifest Include="Package.appxmanifest" />
  </ItemGroup>
  <ItemGroup>
    <None Include="Yacht63FT_TemporaryKey.pfx" />
    <None Include="packages.config" />
  </ItemGroup>
  <ItemGroup>
    <PRIResource Include="usr\share\locale\zh-CN\tongue.resw">
      <Filter>usr\share\locale\zh-CN</Filter>
    </PRIResource>
    <PRIResource Include="usr\share\locale\en-US\tongue.resw">
      <Filter>usr\share\locale\en-US</Filter>
    </PRIResource>
  </ItemGroup>
</Project>