<?xml version="1.0" encoding="utf-8"?>
<Project ToolsVersion="4.0" xmlns="http://schemas.microsoft.com/developer/msbuild/2003">
  <ItemGroup>
    <ClCompile Include="$(MSBuildThisFileDirectory)brushes.cxx" />
    <ClCompile Include="$(MSBuildThisFileDirectory)colorspace.cpp" />
    <ClCompile Include="$(MSBuildThisFileDirectory)color_test.cpp" />
    <ClCompile Include="$(MSBuildThisFileDirectory)draw.cpp" />
    <ClCompile Include="$(MSBuildThisFileDirectory)geometry.cpp" />
    <ClCompile Include="$(MSBuildThisFileDirectory)math.cpp" />
    <ClCompile Include="$(MSBuildThisFileDirectory)paint.cpp" />
    <ClCompile Include="$(MSBuildThisFileDirectory)polar.cpp" />
    <ClCompile Include="$(MSBuildThisFileDirectory)shape.cpp" />
    <ClCompile Include="$(MSBuildThisFileDirectory)shape3d.cpp" />
    <ClCompile Include="$(MSBuildThisFileDirectory)text.cpp" />
    <ClCompile Include="$(MSBuildThisFileDirectory)transformation.cpp" />
    <ClCompile Include="$(MSBuildThisFileDirectory)turtle.cpp" />
    <ClCompile Include="$(MSBuildThisFileDirectory)measure\rhatchmark.cpp" />
    <ClCompile Include="$(MSBuildThisFileDirectory)measure\vhatchmark.cpp" />
  </ItemGroup>
  <ItemGroup>
    <ClInclude Include="$(MSBuildThisFileDirectory)brushes.hxx" />
    <ClInclude Include="$(MSBuildThisFileDirectory)colorspace.hpp" />
    <ClInclude Include="$(MSBuildThisFileDirectory)color_test.hpp" />
    <ClInclude Include="$(MSBuildThisFileDirectory)draw.hpp" />
    <ClInclude Include="$(MSBuildThisFileDirectory)geometry.hpp" />
    <ClInclude Include="$(MSBuildThisFileDirectory)math.hpp" />
    <ClInclude Include="$(MSBuildThisFileDirectory)paint.hpp" />
    <ClInclude Include="$(MSBuildThisFileDirectory)polar.hpp" />
    <ClInclude Include="$(MSBuildThisFileDirectory)shape.hpp" />
    <ClInclude Include="$(MSBuildThisFileDirectory)shape3d.hpp" />
    <ClInclude Include="$(MSBuildThisFileDirectory)text.hpp" />
    <ClInclude Include="$(MSBuildThisFileDirectory)transformation.hpp" />
    <ClInclude Include="$(MSBuildThisFileDirectory)turtle.hpp" />
    <ClInclude Include="$(MSBuildThisFileDirectory)measure\rhatchmark.hpp" />
    <ClInclude Include="$(MSBuildThisFileDirectory)measure\vhatchmark.hpp" />
  </ItemGroup>
  <ItemGroup>
    <Filter Include="measure">
      <UniqueIdentifier>{8ba30d35-7d01-4708-8f5f-48e855a98083}</UniqueIdentifier>
    </Filter>
  </ItemGroup>
</Project>