
Microsoft Visual Studio Solution File, Format Version 12.00
# Visual Studio 15
VisualStudioVersion = 15.0.27130.2036
MinimumVisualStudioVersion = 10.0.40219.1
Project("{8BC9CEB8-8B4A-11D0-8D11-00A0C91BC942}") = "Auxiliary", "Auxiliary\Auxiliary.vcxitems", "{9D38AD51-FEE8-4303-8B0D-833BBCC93B58}"
EndProject
Project("{8BC9CEB8-8B4A-11D0-8D11-00A0C91BC942}") = "BigBang", "BigBang\BigBang.vcxitems", "{6A826F3B-23F9-432C-86BD-F9D318096966}"
EndProject
Project("{8BC9CEB8-8B4A-11D0-8D11-00A0C91BC942}") = "Graphics", "Graphics\graphics.vcxitems", "{73BFE193-7352-40AB-99C0-717F6EBEE2D8}"
EndProject
Project("{8BC9CEB8-8B4A-11D0-8D11-00A0C91BC942}") = "Syslog", "Syslog\Syslog.vcxitems", "{01974307-EDB2-486F-A3F2-2F4E8EB07D20}"
EndProject
Project("{8BC9CEB8-8B4A-11D0-8D11-00A0C91BC942}") = "Documentations", "Documentations\Documentations.vcxproj", "{032D8967-FBCF-4056-8110-5008A8168581}"
EndProject
Project("{8BC9CEB8-8B4A-11D0-8D11-00A0C91BC942}") = "Scripts", "Scripts\Scripts.vcxproj", "{B07735E3-F0D8-4175-B39F-B68915555CBF}"
EndProject
Project("{8BC9CEB8-8B4A-11D0-8D11-00A0C91BC942}") = "PLCIO", "PLCIO\PLCIO.vcxitems", "{A218BF46-1F55-4B99-B000-62F2DE40576C}"
EndProject
Project("{8BC9CEB8-8B4A-11D0-8D11-00A0C91BC942}") = "Yacht", "Yacht\Yacht.vcxproj", "{A9D609ED-87C6-4E9A-A45C-39F2E6AF7650}"
EndProject
Project("{8BC9CEB8-8B4A-11D0-8D11-00A0C91BC942}") = "ch6000m3", "ch6000m3\ch6000m3.vcxproj", "{A48FBEC3-58B7-44FF-B428-4B63CD1C0F23}"
EndProject
Global
	GlobalSection(SharedMSBuildProjectFiles) = preSolution
		Syslog\Syslog.vcxitems*{01974307-edb2-486f-a3f2-2f4e8eb07d20}*SharedItemsImports = 9
		BigBang\BigBang.vcxitems*{6a826f3b-23f9-432c-86bd-f9d318096966}*SharedItemsImports = 9
		Graphics\graphics.vcxitems*{73bfe193-7352-40ab-99c0-717f6ebee2d8}*SharedItemsImports = 9
		Auxiliary\Auxiliary.vcxitems*{9d38ad51-fee8-4303-8b0d-833bbcc93b58}*SharedItemsImports = 9
		PLCIO\PLCIO.vcxitems*{a218bf46-1f55-4b99-b000-62f2de40576c}*SharedItemsImports = 9
		Auxiliary\Auxiliary.vcxitems*{a48fbec3-58b7-44ff-b428-4b63cd1c0f23}*SharedItemsImports = 4
		BigBang\BigBang.vcxitems*{a48fbec3-58b7-44ff-b428-4b63cd1c0f23}*SharedItemsImports = 4
		Graphics\graphics.vcxitems*{a48fbec3-58b7-44ff-b428-4b63cd1c0f23}*SharedItemsImports = 4
		PLCIO\PLCIO.vcxitems*{a48fbec3-58b7-44ff-b428-4b63cd1c0f23}*SharedItemsImports = 4
		Syslog\Syslog.vcxitems*{a48fbec3-58b7-44ff-b428-4b63cd1c0f23}*SharedItemsImports = 4
		Auxiliary\Auxiliary.vcxitems*{a9d609ed-87c6-4e9a-a45c-39f2e6af7650}*SharedItemsImports = 4
		BigBang\BigBang.vcxitems*{a9d609ed-87c6-4e9a-a45c-39f2e6af7650}*SharedItemsImports = 4
		Graphics\graphics.vcxitems*{a9d609ed-87c6-4e9a-a45c-39f2e6af7650}*SharedItemsImports = 4
		PLCIO\PLCIO.vcxitems*{a9d609ed-87c6-4e9a-a45c-39f2e6af7650}*SharedItemsImports = 4
		Syslog\Syslog.vcxitems*{a9d609ed-87c6-4e9a-a45c-39f2e6af7650}*SharedItemsImports = 4
	EndGlobalSection
	GlobalSection(SolutionConfigurationPlatforms) = preSolution
		Debug|ARM = Debug|ARM
		Debug|x64 = Debug|x64
		Debug|x86 = Debug|x86
		Release|ARM = Release|ARM
		Release|x64 = Release|x64
		Release|x86 = Release|x86
	EndGlobalSection
	GlobalSection(ProjectConfigurationPlatforms) = postSolution
		{032D8967-FBCF-4056-8110-5008A8168581}.Debug|ARM.ActiveCfg = Debug|Win32
		{032D8967-FBCF-4056-8110-5008A8168581}.Debug|x64.ActiveCfg = Debug|x64
		{032D8967-FBCF-4056-8110-5008A8168581}.Debug|x64.Build.0 = Debug|x64
		{032D8967-FBCF-4056-8110-5008A8168581}.Debug|x86.ActiveCfg = Debug|Win32
		{032D8967-FBCF-4056-8110-5008A8168581}.Debug|x86.Build.0 = Debug|Win32
		{032D8967-FBCF-4056-8110-5008A8168581}.Release|ARM.ActiveCfg = Release|Win32
		{032D8967-FBCF-4056-8110-5008A8168581}.Release|x64.ActiveCfg = Release|x64
		{032D8967-FBCF-4056-8110-5008A8168581}.Release|x64.Build.0 = Release|x64
		{032D8967-FBCF-4056-8110-5008A8168581}.Release|x86.ActiveCfg = Release|Win32
		{032D8967-FBCF-4056-8110-5008A8168581}.Release|x86.Build.0 = Release|Win32
		{B07735E3-F0D8-4175-B39F-B68915555CBF}.Debug|ARM.ActiveCfg = Debug|Win32
		{B07735E3-F0D8-4175-B39F-B68915555CBF}.Debug|x64.ActiveCfg = Debug|x64
		{B07735E3-F0D8-4175-B39F-B68915555CBF}.Debug|x64.Build.0 = Debug|x64
		{B07735E3-F0D8-4175-B39F-B68915555CBF}.Debug|x86.ActiveCfg = Debug|Win32
		{B07735E3-F0D8-4175-B39F-B68915555CBF}.Debug|x86.Build.0 = Debug|Win32
		{B07735E3-F0D8-4175-B39F-B68915555CBF}.Release|ARM.ActiveCfg = Release|Win32
		{B07735E3-F0D8-4175-B39F-B68915555CBF}.Release|x64.ActiveCfg = Release|x64
		{B07735E3-F0D8-4175-B39F-B68915555CBF}.Release|x64.Build.0 = Release|x64
		{B07735E3-F0D8-4175-B39F-B68915555CBF}.Release|x86.ActiveCfg = Release|Win32
		{B07735E3-F0D8-4175-B39F-B68915555CBF}.Release|x86.Build.0 = Release|Win32
		{A9D609ED-87C6-4E9A-A45C-39F2E6AF7650}.Debug|ARM.ActiveCfg = Debug|ARM
		{A9D609ED-87C6-4E9A-A45C-39F2E6AF7650}.Debug|ARM.Build.0 = Debug|ARM
		{A9D609ED-87C6-4E9A-A45C-39F2E6AF7650}.Debug|ARM.Deploy.0 = Debug|ARM
		{A9D609ED-87C6-4E9A-A45C-39F2E6AF7650}.Debug|x64.ActiveCfg = Debug|x64
		{A9D609ED-87C6-4E9A-A45C-39F2E6AF7650}.Debug|x64.Build.0 = Debug|x64
		{A9D609ED-87C6-4E9A-A45C-39F2E6AF7650}.Debug|x64.Deploy.0 = Debug|x64
		{A9D609ED-87C6-4E9A-A45C-39F2E6AF7650}.Debug|x86.ActiveCfg = Debug|Win32
		{A9D609ED-87C6-4E9A-A45C-39F2E6AF7650}.Debug|x86.Build.0 = Debug|Win32
		{A9D609ED-87C6-4E9A-A45C-39F2E6AF7650}.Debug|x86.Deploy.0 = Debug|Win32
		{A9D609ED-87C6-4E9A-A45C-39F2E6AF7650}.Release|ARM.ActiveCfg = Release|ARM
		{A9D609ED-87C6-4E9A-A45C-39F2E6AF7650}.Release|ARM.Build.0 = Release|ARM
		{A9D609ED-87C6-4E9A-A45C-39F2E6AF7650}.Release|ARM.Deploy.0 = Release|ARM
		{A9D609ED-87C6-4E9A-A45C-39F2E6AF7650}.Release|x64.ActiveCfg = Release|x64
		{A9D609ED-87C6-4E9A-A45C-39F2E6AF7650}.Release|x64.Build.0 = Release|x64
		{A9D609ED-87C6-4E9A-A45C-39F2E6AF7650}.Release|x64.Deploy.0 = Release|x64
		{A9D609ED-87C6-4E9A-A45C-39F2E6AF7650}.Release|x86.ActiveCfg = Release|Win32
		{A9D609ED-87C6-4E9A-A45C-39F2E6AF7650}.Release|x86.Build.0 = Release|Win32
		{A9D609ED-87C6-4E9A-A45C-39F2E6AF7650}.Release|x86.Deploy.0 = Release|Win32
		{A48FBEC3-58B7-44FF-B428-4B63CD1C0F23}.Debug|ARM.ActiveCfg = Debug|ARM
		{A48FBEC3-58B7-44FF-B428-4B63CD1C0F23}.Debug|ARM.Build.0 = Debug|ARM
		{A48FBEC3-58B7-44FF-B428-4B63CD1C0F23}.Debug|ARM.Deploy.0 = Debug|ARM
		{A48FBEC3-58B7-44FF-B428-4B63CD1C0F23}.Debug|x64.ActiveCfg = Debug|x64
		{A48FBEC3-58B7-44FF-B428-4B63CD1C0F23}.Debug|x64.Build.0 = Debug|x64
		{A48FBEC3-58B7-44FF-B428-4B63CD1C0F23}.Debug|x64.Deploy.0 = Debug|x64
		{A48FBEC3-58B7-44FF-B428-4B63CD1C0F23}.Debug|x86.ActiveCfg = Debug|Win32
		{A48FBEC3-58B7-44FF-B428-4B63CD1C0F23}.Debug|x86.Build.0 = Debug|Win32
		{A48FBEC3-58B7-44FF-B428-4B63CD1C0F23}.Debug|x86.Deploy.0 = Debug|Win32
		{A48FBEC3-58B7-44FF-B428-4B63CD1C0F23}.Release|ARM.ActiveCfg = Release|ARM
		{A48FBEC3-58B7-44FF-B428-4B63CD1C0F23}.Release|ARM.Build.0 = Release|ARM
		{A48FBEC3-58B7-44FF-B428-4B63CD1C0F23}.Release|ARM.Deploy.0 = Release|ARM
		{A48FBEC3-58B7-44FF-B428-4B63CD1C0F23}.Release|x64.ActiveCfg = Release|x64
		{A48FBEC3-58B7-44FF-B428-4B63CD1C0F23}.Release|x64.Build.0 = Release|x64
		{A48FBEC3-58B7-44FF-B428-4B63CD1C0F23}.Release|x64.Deploy.0 = Release|x64
		{A48FBEC3-58B7-44FF-B428-4B63CD1C0F23}.Release|x86.ActiveCfg = Release|Win32
		{A48FBEC3-58B7-44FF-B428-4B63CD1C0F23}.Release|x86.Build.0 = Release|Win32
		{A48FBEC3-58B7-44FF-B428-4B63CD1C0F23}.Release|x86.Deploy.0 = Release|Win32
	EndGlobalSection
	GlobalSection(SolutionProperties) = preSolution
		HideSolutionNode = FALSE
	EndGlobalSection
	GlobalSection(ExtensibilityGlobals) = postSolution
		SolutionGuid = {039811EA-56CA-4DFB-8CFD-3260FDA82DBA}
	EndGlobalSection
EndGlobal
