
Microsoft Visual Studio Solution File, Format Version 12.00
# Visual Studio 15
VisualStudioVersion = 15.0.26730.16
MinimumVisualStudioVersion = 10.0.40219.1
Project("{8BC9CEB8-8B4A-11D0-8D11-00A0C91BC942}") = "Auxiliary", "Auxiliary\Auxiliary.vcxitems", "{9D38AD51-FEE8-4303-8B0D-833BBCC93B58}"
EndProject
Project("{8BC9CEB8-8B4A-11D0-8D11-00A0C91BC942}") = "Visualization", "Visualization\Visualization.vcxitems", "{6A826F3B-23F9-432C-86BD-F9D318096966}"
EndProject
Project("{8BC9CEB8-8B4A-11D0-8D11-00A0C91BC942}") = "DataStream", "DataStream\DataStream.vcxitems", "{A218BF46-1F55-4B99-B000-62F2DE40576C}"
EndProject
Project("{8BC9CEB8-8B4A-11D0-8D11-00A0C91BC942}") = "Rebuer", "Rebuer\Rebuer.vcxproj", "{F13A79BC-0A9F-4E69-90B9-3ED82EA49304}"
EndProject
Project("{8BC9CEB8-8B4A-11D0-8D11-00A0C91BC942}") = "App1", "..\App1\App1\App1.vcxproj", "{822CF50C-C803-47C1-83F3-E7E811C1182F}"
EndProject
Global
	GlobalSection(SharedMSBuildProjectFiles) = preSolution
		Visualization\Visualization.vcxitems*{6a826f3b-23f9-432c-86bd-f9d318096966}*SharedItemsImports = 9
		Auxiliary\Auxiliary.vcxitems*{9d38ad51-fee8-4303-8b0d-833bbcc93b58}*SharedItemsImports = 9
		DataStream\DataStream.vcxitems*{a218bf46-1f55-4b99-b000-62f2de40576c}*SharedItemsImports = 9
		Auxiliary\Auxiliary.vcxitems*{f13a79bc-0a9f-4e69-90b9-3ed82ea49304}*SharedItemsImports = 4
		DataStream\DataStream.vcxitems*{f13a79bc-0a9f-4e69-90b9-3ed82ea49304}*SharedItemsImports = 4
		Visualization\Visualization.vcxitems*{f13a79bc-0a9f-4e69-90b9-3ed82ea49304}*SharedItemsImports = 4
	EndGlobalSection
	GlobalSection(SolutionConfigurationPlatforms) = preSolution
		Debug|ARM = Debug|ARM
		Debug|x64 = Debug|x64
		Debug|x86 = Debug|x86
		Release|ARM = Release|ARM
		Release|x64 = Release|x64
		Release|x86 = Release|x86
	EndGlobalSection
	GlobalSection(ProjectConfigurationPlatforms) = postSolution
		{F13A79BC-0A9F-4E69-90B9-3ED82EA49304}.Debug|ARM.ActiveCfg = Debug|ARM
		{F13A79BC-0A9F-4E69-90B9-3ED82EA49304}.Debug|ARM.Build.0 = Debug|ARM
		{F13A79BC-0A9F-4E69-90B9-3ED82EA49304}.Debug|ARM.Deploy.0 = Debug|ARM
		{F13A79BC-0A9F-4E69-90B9-3ED82EA49304}.Debug|x64.ActiveCfg = Debug|x64
		{F13A79BC-0A9F-4E69-90B9-3ED82EA49304}.Debug|x64.Build.0 = Debug|x64
		{F13A79BC-0A9F-4E69-90B9-3ED82EA49304}.Debug|x64.Deploy.0 = Debug|x64
		{F13A79BC-0A9F-4E69-90B9-3ED82EA49304}.Debug|x86.ActiveCfg = Debug|Win32
		{F13A79BC-0A9F-4E69-90B9-3ED82EA49304}.Debug|x86.Build.0 = Debug|Win32
		{F13A79BC-0A9F-4E69-90B9-3ED82EA49304}.Debug|x86.Deploy.0 = Debug|Win32
		{F13A79BC-0A9F-4E69-90B9-3ED82EA49304}.Release|ARM.ActiveCfg = Release|ARM
		{F13A79BC-0A9F-4E69-90B9-3ED82EA49304}.Release|ARM.Build.0 = Release|ARM
		{F13A79BC-0A9F-4E69-90B9-3ED82EA49304}.Release|ARM.Deploy.0 = Release|ARM
		{F13A79BC-0A9F-4E69-90B9-3ED82EA49304}.Release|x64.ActiveCfg = Release|x64
		{F13A79BC-0A9F-4E69-90B9-3ED82EA49304}.Release|x64.Build.0 = Release|x64
		{F13A79BC-0A9F-4E69-90B9-3ED82EA49304}.Release|x64.Deploy.0 = Release|x64
		{F13A79BC-0A9F-4E69-90B9-3ED82EA49304}.Release|x86.ActiveCfg = Release|Win32
		{F13A79BC-0A9F-4E69-90B9-3ED82EA49304}.Release|x86.Build.0 = Release|Win32
		{F13A79BC-0A9F-4E69-90B9-3ED82EA49304}.Release|x86.Deploy.0 = Release|Win32
		{822CF50C-C803-47C1-83F3-E7E811C1182F}.Debug|ARM.ActiveCfg = Debug|ARM
		{822CF50C-C803-47C1-83F3-E7E811C1182F}.Debug|ARM.Build.0 = Debug|ARM
		{822CF50C-C803-47C1-83F3-E7E811C1182F}.Debug|ARM.Deploy.0 = Debug|ARM
		{822CF50C-C803-47C1-83F3-E7E811C1182F}.Debug|x64.ActiveCfg = Debug|x64
		{822CF50C-C803-47C1-83F3-E7E811C1182F}.Debug|x64.Build.0 = Debug|x64
		{822CF50C-C803-47C1-83F3-E7E811C1182F}.Debug|x64.Deploy.0 = Debug|x64
		{822CF50C-C803-47C1-83F3-E7E811C1182F}.Debug|x86.ActiveCfg = Debug|Win32
		{822CF50C-C803-47C1-83F3-E7E811C1182F}.Debug|x86.Build.0 = Debug|Win32
		{822CF50C-C803-47C1-83F3-E7E811C1182F}.Debug|x86.Deploy.0 = Debug|Win32
		{822CF50C-C803-47C1-83F3-E7E811C1182F}.Release|ARM.ActiveCfg = Release|ARM
		{822CF50C-C803-47C1-83F3-E7E811C1182F}.Release|ARM.Build.0 = Release|ARM
		{822CF50C-C803-47C1-83F3-E7E811C1182F}.Release|ARM.Deploy.0 = Release|ARM
		{822CF50C-C803-47C1-83F3-E7E811C1182F}.Release|x64.ActiveCfg = Release|x64
		{822CF50C-C803-47C1-83F3-E7E811C1182F}.Release|x64.Build.0 = Release|x64
		{822CF50C-C803-47C1-83F3-E7E811C1182F}.Release|x64.Deploy.0 = Release|x64
		{822CF50C-C803-47C1-83F3-E7E811C1182F}.Release|x86.ActiveCfg = Release|Win32
		{822CF50C-C803-47C1-83F3-E7E811C1182F}.Release|x86.Build.0 = Release|Win32
		{822CF50C-C803-47C1-83F3-E7E811C1182F}.Release|x86.Deploy.0 = Release|Win32
	EndGlobalSection
	GlobalSection(SolutionProperties) = preSolution
		HideSolutionNode = FALSE
	EndGlobalSection
	GlobalSection(ExtensibilityGlobals) = postSolution
		SolutionGuid = {039811EA-56CA-4DFB-8CFD-3260FDA82DBA}
	EndGlobalSection
EndGlobal
