
Microsoft Visual Studio Solution File, Format Version 12.00
# Visual Studio 15
VisualStudioVersion = 15.0.26730.16
MinimumVisualStudioVersion = 10.0.40219.1
Project("{8BC9CEB8-8B4A-11D0-8D11-00A0C91BC942}") = "Auxiliary", "Auxiliary\Auxiliary.vcxitems", "{9D38AD51-FEE8-4303-8B0D-833BBCC93B58}"
EndProject
Project("{8BC9CEB8-8B4A-11D0-8D11-00A0C91BC942}") = "PLCStream", "PLCStream\PLCStream.vcxitems", "{A218BF46-1F55-4B99-B000-62F2DE40576C}"
EndProject
Project("{8BC9CEB8-8B4A-11D0-8D11-00A0C91BC942}") = "RebuerEcoFacilities", "RebuerEcoFacilities\RebuerEcoFacilities.vcxproj", "{6EA9DACD-2014-41C2-9D5A-FA5CC391A5DF}"
EndProject
Project("{8BC9CEB8-8B4A-11D0-8D11-00A0C91BC942}") = "BigBang", "BigBang\BigBang.vcxitems", "{6A826F3B-23F9-432C-86BD-F9D318096966}"
EndProject
Project("{8BC9CEB8-8B4A-11D0-8D11-00A0C91BC942}") = "Geometry", "Geometry\Geometry.vcxitems", "{73BFE193-7352-40AB-99C0-717F6EBEE2D8}"
EndProject
Global
	GlobalSection(SharedMSBuildProjectFiles) = preSolution
		BigBang\BigBang.vcxitems*{6a826f3b-23f9-432c-86bd-f9d318096966}*SharedItemsImports = 9
		Auxiliary\Auxiliary.vcxitems*{6ea9dacd-2014-41c2-9d5a-fa5cc391a5df}*SharedItemsImports = 4
		BigBang\BigBang.vcxitems*{6ea9dacd-2014-41c2-9d5a-fa5cc391a5df}*SharedItemsImports = 4
		Geometry\Geometry.vcxitems*{6ea9dacd-2014-41c2-9d5a-fa5cc391a5df}*SharedItemsImports = 4
		PLCStream\PLCStream.vcxitems*{6ea9dacd-2014-41c2-9d5a-fa5cc391a5df}*SharedItemsImports = 4
		Geometry\Geometry.vcxitems*{73bfe193-7352-40ab-99c0-717f6ebee2d8}*SharedItemsImports = 9
		Auxiliary\Auxiliary.vcxitems*{9d38ad51-fee8-4303-8b0d-833bbcc93b58}*SharedItemsImports = 9
		PLCStream\PLCStream.vcxitems*{a218bf46-1f55-4b99-b000-62f2de40576c}*SharedItemsImports = 9
	EndGlobalSection
	GlobalSection(SolutionConfigurationPlatforms) = preSolution
		Debug|ARM = Debug|ARM
		Debug|x64 = Debug|x64
		Debug|x86 = Debug|x86
		Release|ARM = Release|ARM
		Release|x64 = Release|x64
		Release|x86 = Release|x86
	EndGlobalSection
	GlobalSection(ProjectConfigurationPlatforms) = postSolution
		{6EA9DACD-2014-41C2-9D5A-FA5CC391A5DF}.Debug|ARM.ActiveCfg = Debug|ARM
		{6EA9DACD-2014-41C2-9D5A-FA5CC391A5DF}.Debug|ARM.Build.0 = Debug|ARM
		{6EA9DACD-2014-41C2-9D5A-FA5CC391A5DF}.Debug|ARM.Deploy.0 = Debug|ARM
		{6EA9DACD-2014-41C2-9D5A-FA5CC391A5DF}.Debug|x64.ActiveCfg = Debug|x64
		{6EA9DACD-2014-41C2-9D5A-FA5CC391A5DF}.Debug|x64.Build.0 = Debug|x64
		{6EA9DACD-2014-41C2-9D5A-FA5CC391A5DF}.Debug|x64.Deploy.0 = Debug|x64
		{6EA9DACD-2014-41C2-9D5A-FA5CC391A5DF}.Debug|x86.ActiveCfg = Debug|Win32
		{6EA9DACD-2014-41C2-9D5A-FA5CC391A5DF}.Debug|x86.Build.0 = Debug|Win32
		{6EA9DACD-2014-41C2-9D5A-FA5CC391A5DF}.Debug|x86.Deploy.0 = Debug|Win32
		{6EA9DACD-2014-41C2-9D5A-FA5CC391A5DF}.Release|ARM.ActiveCfg = Release|ARM
		{6EA9DACD-2014-41C2-9D5A-FA5CC391A5DF}.Release|ARM.Build.0 = Release|ARM
		{6EA9DACD-2014-41C2-9D5A-FA5CC391A5DF}.Release|ARM.Deploy.0 = Release|ARM
		{6EA9DACD-2014-41C2-9D5A-FA5CC391A5DF}.Release|x64.ActiveCfg = Release|x64
		{6EA9DACD-2014-41C2-9D5A-FA5CC391A5DF}.Release|x64.Build.0 = Release|x64
		{6EA9DACD-2014-41C2-9D5A-FA5CC391A5DF}.Release|x64.Deploy.0 = Release|x64
		{6EA9DACD-2014-41C2-9D5A-FA5CC391A5DF}.Release|x86.ActiveCfg = Release|Win32
		{6EA9DACD-2014-41C2-9D5A-FA5CC391A5DF}.Release|x86.Build.0 = Release|Win32
		{6EA9DACD-2014-41C2-9D5A-FA5CC391A5DF}.Release|x86.Deploy.0 = Release|Win32
	EndGlobalSection
	GlobalSection(SolutionProperties) = preSolution
		HideSolutionNode = FALSE
	EndGlobalSection
	GlobalSection(ExtensibilityGlobals) = postSolution
		SolutionGuid = {039811EA-56CA-4DFB-8CFD-3260FDA82DBA}
	EndGlobalSection
EndGlobal
