<?xml version="1.0" encoding="utf-8"?>
<Project ToolsVersion="4.0" xmlns="http://schemas.microsoft.com/developer/msbuild/2003">
  <ItemGroup>
    <ClCompile Include="$(MSBuildThisFileDirectory)decorator\border.cpp">
      <Filter>decorator</Filter>
    </ClCompile>
    <ClCompile Include="$(MSBuildThisFileDirectory)decorator\grid.cpp">
      <Filter>decorator</Filter>
    </ClCompile>
    <ClCompile Include="$(MSBuildThisFileDirectory)planet.cpp" />
    <ClCompile Include="$(MSBuildThisFileDirectory)universe.cxx" />
    <ClCompile Include="$(MSBuildThisFileDirectory)menu.cpp" />
    <ClCompile Include="$(MSBuildThisFileDirectory)sprite.cpp" />
    <ClCompile Include="$(MSBuildThisFileDirectory)decorator\pipeline.cpp">
      <Filter>decorator</Filter>
    </ClCompile>
    <ClCompile Include="$(MSBuildThisFileDirectory)virtualization\keyboard.cpp">
      <Filter>virtualization</Filter>
    </ClCompile>
    <ClCompile Include="$(MSBuildThisFileDirectory)virtualization\numpad.cpp">
      <Filter>virtualization</Filter>
    </ClCompile>
    <ClCompile Include="$(MSBuildThisFileDirectory)timer.cxx" />
    <ClCompile Include="$(MSBuildThisFileDirectory)decorator\decorator.cpp">
      <Filter>decorator</Filter>
    </ClCompile>
    <ClCompile Include="$(MSBuildThisFileDirectory)graphlet\alarmlet.cpp">
      <Filter>graphlet</Filter>
    </ClCompile>
    <ClCompile Include="$(MSBuildThisFileDirectory)graphlet\gaugelet.cpp">
      <Filter>graphlet</Filter>
    </ClCompile>
    <ClCompile Include="$(MSBuildThisFileDirectory)graphlet\motorlet.cpp">
      <Filter>graphlet</Filter>
    </ClCompile>
    <ClCompile Include="$(MSBuildThisFileDirectory)graphlet\primitive.cpp">
      <Filter>graphlet</Filter>
    </ClCompile>
    <ClCompile Include="$(MSBuildThisFileDirectory)graphlet\shapelet.cpp">
      <Filter>graphlet</Filter>
    </ClCompile>
    <ClCompile Include="$(MSBuildThisFileDirectory)graphlet\statuslet.cpp">
      <Filter>graphlet</Filter>
    </ClCompile>
    <ClCompile Include="$(MSBuildThisFileDirectory)graphlet\textlet.cpp">
      <Filter>graphlet</Filter>
    </ClCompile>
    <ClCompile Include="$(MSBuildThisFileDirectory)graphlet\togglet.cpp">
      <Filter>graphlet</Filter>
    </ClCompile>
  </ItemGroup>
  <ItemGroup>
    <ClInclude Include="$(MSBuildThisFileDirectory)forward.hpp" />
    <ClInclude Include="$(MSBuildThisFileDirectory)decorator\decorator.hpp">
      <Filter>decorator</Filter>
    </ClInclude>
    <ClInclude Include="$(MSBuildThisFileDirectory)decorator\border.hpp">
      <Filter>decorator</Filter>
    </ClInclude>
    <ClInclude Include="$(MSBuildThisFileDirectory)decorator\grid.hpp">
      <Filter>decorator</Filter>
    </ClInclude>
    <ClInclude Include="$(MSBuildThisFileDirectory)planet.hpp" />
    <ClInclude Include="$(MSBuildThisFileDirectory)universe.hxx" />
    <ClInclude Include="$(MSBuildThisFileDirectory)menu.idl" />
    <ClInclude Include="$(MSBuildThisFileDirectory)sprite.hpp" />
    <ClInclude Include="$(MSBuildThisFileDirectory)decorator\pipeline.hpp">
      <Filter>decorator</Filter>
    </ClInclude>
    <ClInclude Include="$(MSBuildThisFileDirectory)virtualization\keyboard.hpp">
      <Filter>virtualization</Filter>
    </ClInclude>
    <ClInclude Include="$(MSBuildThisFileDirectory)virtualization\numpad.hpp">
      <Filter>virtualization</Filter>
    </ClInclude>
    <ClInclude Include="$(MSBuildThisFileDirectory)timer.hxx" />
    <ClInclude Include="$(MSBuildThisFileDirectory)graphlet\alarmlet.hpp">
      <Filter>graphlet</Filter>
    </ClInclude>
    <ClInclude Include="$(MSBuildThisFileDirectory)graphlet\gaugelet.hpp">
      <Filter>graphlet</Filter>
    </ClInclude>
    <ClInclude Include="$(MSBuildThisFileDirectory)graphlet\motorlet.hpp">
      <Filter>graphlet</Filter>
    </ClInclude>
    <ClInclude Include="$(MSBuildThisFileDirectory)graphlet\primitive.hpp">
      <Filter>graphlet</Filter>
    </ClInclude>
    <ClInclude Include="$(MSBuildThisFileDirectory)graphlet\shapelet.hpp">
      <Filter>graphlet</Filter>
    </ClInclude>
    <ClInclude Include="$(MSBuildThisFileDirectory)graphlet\statuslet.hpp">
      <Filter>graphlet</Filter>
    </ClInclude>
    <ClInclude Include="$(MSBuildThisFileDirectory)graphlet\textlet.hpp">
      <Filter>graphlet</Filter>
    </ClInclude>
    <ClInclude Include="$(MSBuildThisFileDirectory)graphlet\togglet.hpp">
      <Filter>graphlet</Filter>
    </ClInclude>
  </ItemGroup>
  <ItemGroup>
    <Filter Include="decorator">
      <UniqueIdentifier>{61fcef44-48ce-4d1a-856e-d8db43e4531e}</UniqueIdentifier>
    </Filter>
    <Filter Include="virtualization">
      <UniqueIdentifier>{51d12611-f966-472f-ba3e-d77571c9ece6}</UniqueIdentifier>
    </Filter>
    <Filter Include="graphlet">
      <UniqueIdentifier>{a14e9e04-43b8-4d62-8917-75bc80410e16}</UniqueIdentifier>
    </Filter>
  </ItemGroup>
</Project>