<?xml version="1.0" encoding="utf-8"?>
<Project ToolsVersion="4.0" xmlns="http://schemas.microsoft.com/developer/msbuild/2003">
  <ItemGroup>
    <ClCompile Include="$(MSBuildThisFileDirectory)decorator\border.cpp">
      <Filter>decorator</Filter>
    </ClCompile>
    <ClCompile Include="$(MSBuildThisFileDirectory)decorator\grid.cpp">
      <Filter>decorator</Filter>
    </ClCompile>
    <ClCompile Include="$(MSBuildThisFileDirectory)planet.cpp" />
    <ClCompile Include="$(MSBuildThisFileDirectory)universe.cxx" />
    <ClCompile Include="$(MSBuildThisFileDirectory)menu.cpp" />
    <ClCompile Include="$(MSBuildThisFileDirectory)sprite.cpp" />
    <ClCompile Include="$(MSBuildThisFileDirectory)decorator\pipeline.cpp">
      <Filter>decorator</Filter>
    </ClCompile>
    <ClCompile Include="$(MSBuildThisFileDirectory)virtualization\keyboard.cpp">
      <Filter>virtualization</Filter>
    </ClCompile>
    <ClCompile Include="$(MSBuildThisFileDirectory)virtualization\numpad.cpp">
      <Filter>virtualization</Filter>
    </ClCompile>
    <ClCompile Include="$(MSBuildThisFileDirectory)timer.cxx" />
    <ClCompile Include="$(MSBuildThisFileDirectory)decorator\decorator.cpp">
      <Filter>decorator</Filter>
    </ClCompile>
    <ClCompile Include="$(MSBuildThisFileDirectory)graphlet\primitive.cpp">
      <Filter>graphlet</Filter>
    </ClCompile>
    <ClCompile Include="$(MSBuildThisFileDirectory)graphlet\shapelet.cpp">
      <Filter>graphlet</Filter>
    </ClCompile>
    <ClCompile Include="$(MSBuildThisFileDirectory)graphlet\statuslet.cpp">
      <Filter>graphlet</Filter>
    </ClCompile>
    <ClCompile Include="$(MSBuildThisFileDirectory)graphlet\textlet.cpp">
      <Filter>graphlet</Filter>
    </ClCompile>
    <ClCompile Include="$(MSBuildThisFileDirectory)graphlet\togglet.cpp">
      <Filter>graphlet</Filter>
    </ClCompile>
    <ClCompile Include="$(MSBuildThisFileDirectory)graphlet\svglet.cpp">
      <Filter>graphlet</Filter>
    </ClCompile>
    <ClCompile Include="$(MSBuildThisFileDirectory)graphlet\dashboard\batterylet.cpp">
      <Filter>graphlet\dashboard</Filter>
    </ClCompile>
    <ClCompile Include="$(MSBuildThisFileDirectory)graphlet\dashboard\fueltanklet.cpp">
      <Filter>graphlet\dashboard</Filter>
    </ClCompile>
    <ClCompile Include="$(MSBuildThisFileDirectory)graphlet\bitmaplet.cpp">
      <Filter>graphlet</Filter>
    </ClCompile>
    <ClCompile Include="$(MSBuildThisFileDirectory)decorator\background.cpp">
      <Filter>decorator</Filter>
    </ClCompile>
    <ClCompile Include="$(MSBuildThisFileDirectory)graphlet\dashboard\thermometerlet.cpp">
      <Filter>graphlet\dashboard</Filter>
    </ClCompile>
    <ClCompile Include="$(MSBuildThisFileDirectory)graphlet\dashboard\indicatorlet.cpp">
      <Filter>graphlet\dashboard</Filter>
    </ClCompile>
    <ClCompile Include="$(MSBuildThisFileDirectory)graphlet\symbol\circuit\machinelet.cpp">
      <Filter>graphlet\symbol\circuit</Filter>
    </ClCompile>
    <ClCompile Include="$(MSBuildThisFileDirectory)graphlet\symbol\circuit\powerstationlet.cpp">
      <Filter>graphlet\symbol\circuit</Filter>
    </ClCompile>
    <ClCompile Include="$(MSBuildThisFileDirectory)graphlet\symbol\circuit\switchlet.cpp">
      <Filter>graphlet\symbol\circuit</Filter>
    </ClCompile>
    <ClCompile Include="$(MSBuildThisFileDirectory)graphlet\symbol\circuit\converterlet.cpp">
      <Filter>graphlet\symbol\circuit</Filter>
    </ClCompile>
    <ClCompile Include="$(MSBuildThisFileDirectory)graphlet\device\motorlet.cpp">
      <Filter>graphlet\device</Filter>
    </ClCompile>
    <ClCompile Include="$(MSBuildThisFileDirectory)satellite.cxx" />
    <ClCompile Include="$(MSBuildThisFileDirectory)graphlet\dashboard\cylinderlet.cpp">
      <Filter>graphlet\dashboard</Filter>
    </ClCompile>
    <ClCompile Include="$(MSBuildThisFileDirectory)decorator\table.cpp">
      <Filter>decorator</Filter>
    </ClCompile>
    <ClCompile Include="$(MSBuildThisFileDirectory)test\cyberspace.cpp">
      <Filter>test</Filter>
    </ClCompile>
    <ClCompile Include="$(MSBuildThisFileDirectory)graphlet\device\tanklet.cpp">
      <Filter>graphlet\device</Filter>
    </ClCompile>
    <ClCompile Include="$(MSBuildThisFileDirectory)graphlet\dashboard\alarmlet.cpp">
      <Filter>graphlet\dashboard</Filter>
    </ClCompile>
    <ClCompile Include="$(MSBuildThisFileDirectory)graphlet\symbol\valve\tagged_valvelet.cpp">
      <Filter>graphlet\symbol\valve</Filter>
    </ClCompile>
    <ClCompile Include="$(MSBuildThisFileDirectory)graphlet\symbol\door\hatchlet.cpp">
      <Filter>graphlet\symbol\door</Filter>
    </ClCompile>
    <ClCompile Include="$(MSBuildThisFileDirectory)graphlet\symbol\valve\gate_valvelet.cpp">
      <Filter>graphlet\symbol\valve</Filter>
    </ClCompile>
    <ClCompile Include="$(MSBuildThisFileDirectory)graphlet\symbol\door\hopper_doorlet.cpp">
      <Filter>graphlet\symbol\door</Filter>
    </ClCompile>
    <ClCompile Include="$(MSBuildThisFileDirectory)graphlet\symbol\pump\hopper_pumplet.cpp">
      <Filter>graphlet\symbol\pump</Filter>
    </ClCompile>
    <ClCompile Include="$(MSBuildThisFileDirectory)graphlet\symbol\pump\hydraulic_pumplet.cpp">
      <Filter>graphlet\symbol\pump</Filter>
    </ClCompile>
    <ClCompile Include="$(MSBuildThisFileDirectory)graphlet\dashboard\timeserieslet.cpp">
      <Filter>graphlet\dashboard</Filter>
    </ClCompile>
    <ClCompile Include="$(MSBuildThisFileDirectory)decorator\margin.cpp">
      <Filter>decorator</Filter>
    </ClCompile>
    <ClCompile Include="$(MSBuildThisFileDirectory)graphlet\symbol\valve\manual_valvelet.cpp">
      <Filter>graphlet\symbol\valve</Filter>
    </ClCompile>
    <ClCompile Include="$(MSBuildThisFileDirectory)graphlet\device\overflowlet.cpp">
      <Filter>graphlet\device</Filter>
    </ClCompile>
    <ClCompile Include="$(MSBuildThisFileDirectory)graphlet\device\winchlet.cpp">
      <Filter>graphlet\device</Filter>
    </ClCompile>
    <ClCompile Include="$(MSBuildThisFileDirectory)graphlet\symbol\pump\water_pumplet.cpp">
      <Filter>graphlet\symbol\pump</Filter>
    </ClCompile>
    <ClCompile Include="$(MSBuildThisFileDirectory)graphlet\device\compensatorlet.cpp">
      <Filter>graphlet\device</Filter>
    </ClCompile>
    <ClCompile Include="$(MSBuildThisFileDirectory)graphlet\dashboard\densityflowmeterlet.cpp">
      <Filter>graphlet\dashboard</Filter>
    </ClCompile>
    <ClCompile Include="$(MSBuildThisFileDirectory)graphlet\device\draglet.cpp">
      <Filter>graphlet\device</Filter>
    </ClCompile>
    <ClCompile Include="$(MSBuildThisFileDirectory)graphlet\device\gantrylet.cpp">
      <Filter>graphlet\device</Filter>
    </ClCompile>
    <ClCompile Include="$(MSBuildThisFileDirectory)graphlet\buttonlet.cpp">
      <Filter>graphlet</Filter>
    </ClCompile>
    <ClCompile Include="$(MSBuildThisFileDirectory)virtualization\arrowpad.cpp">
      <Filter>virtualization</Filter>
    </ClCompile>
    <ClCompile Include="$(MSBuildThisFileDirectory)test\performance.cpp">
      <Filter>test</Filter>
    </ClCompile>
    <ClCompile Include="$(MSBuildThisFileDirectory)graphlet\symbol\heaterlet.cpp" />
    <ClCompile Include="D:\WinSCADA\BigBang\graphlet\cylinder\holdhooplet.cpp">
      <Filter>graphlet\cylinder</Filter>
    </ClCompile>
  </ItemGroup>
  <ItemGroup>
    <ClInclude Include="$(MSBuildThisFileDirectory)forward.hpp" />
    <ClInclude Include="$(MSBuildThisFileDirectory)decorator\decorator.hpp">
      <Filter>decorator</Filter>
    </ClInclude>
    <ClInclude Include="$(MSBuildThisFileDirectory)decorator\border.hpp">
      <Filter>decorator</Filter>
    </ClInclude>
    <ClInclude Include="$(MSBuildThisFileDirectory)decorator\grid.hpp">
      <Filter>decorator</Filter>
    </ClInclude>
    <ClInclude Include="$(MSBuildThisFileDirectory)planet.hpp" />
    <ClInclude Include="$(MSBuildThisFileDirectory)universe.hxx" />
    <ClInclude Include="$(MSBuildThisFileDirectory)sprite.hpp" />
    <ClInclude Include="$(MSBuildThisFileDirectory)decorator\pipeline.hpp">
      <Filter>decorator</Filter>
    </ClInclude>
    <ClInclude Include="$(MSBuildThisFileDirectory)virtualization\keyboard.hpp">
      <Filter>virtualization</Filter>
    </ClInclude>
    <ClInclude Include="$(MSBuildThisFileDirectory)virtualization\numpad.hpp">
      <Filter>virtualization</Filter>
    </ClInclude>
    <ClInclude Include="$(MSBuildThisFileDirectory)timer.hxx" />
    <ClInclude Include="$(MSBuildThisFileDirectory)graphlet\primitive.hpp">
      <Filter>graphlet</Filter>
    </ClInclude>
    <ClInclude Include="$(MSBuildThisFileDirectory)graphlet\shapelet.hpp">
      <Filter>graphlet</Filter>
    </ClInclude>
    <ClInclude Include="$(MSBuildThisFileDirectory)graphlet\statuslet.hpp">
      <Filter>graphlet</Filter>
    </ClInclude>
    <ClInclude Include="$(MSBuildThisFileDirectory)graphlet\textlet.hpp">
      <Filter>graphlet</Filter>
    </ClInclude>
    <ClInclude Include="$(MSBuildThisFileDirectory)graphlet\togglet.hpp">
      <Filter>graphlet</Filter>
    </ClInclude>
    <ClInclude Include="$(MSBuildThisFileDirectory)menu.hpp" />
    <ClInclude Include="$(MSBuildThisFileDirectory)graphlet\svglet.hpp">
      <Filter>graphlet</Filter>
    </ClInclude>
    <ClInclude Include="$(MSBuildThisFileDirectory)graphlet\dashboard\batterylet.hpp">
      <Filter>graphlet\dashboard</Filter>
    </ClInclude>
    <ClInclude Include="$(MSBuildThisFileDirectory)graphlet\dashboard\fueltanklet.hpp">
      <Filter>graphlet\dashboard</Filter>
    </ClInclude>
    <ClInclude Include="$(MSBuildThisFileDirectory)graphlet\bitmaplet.hpp">
      <Filter>graphlet</Filter>
    </ClInclude>
    <ClInclude Include="$(MSBuildThisFileDirectory)graphlet\msappxlet.hxx">
      <Filter>graphlet</Filter>
    </ClInclude>
    <ClInclude Include="$(MSBuildThisFileDirectory)decorator\background.hpp">
      <Filter>decorator</Filter>
    </ClInclude>
    <ClInclude Include="$(MSBuildThisFileDirectory)graphlet\dashboard\thermometerlet.hpp">
      <Filter>graphlet\dashboard</Filter>
    </ClInclude>
    <ClInclude Include="$(MSBuildThisFileDirectory)graphlet\dashboard\indicatorlet.hpp">
      <Filter>graphlet\dashboard</Filter>
    </ClInclude>
    <ClInclude Include="$(MSBuildThisFileDirectory)graphlet\symbol\circuit\machinelet.hpp">
      <Filter>graphlet\symbol\circuit</Filter>
    </ClInclude>
    <ClInclude Include="$(MSBuildThisFileDirectory)graphlet\symbol\circuit\powerstationlet.hpp">
      <Filter>graphlet\symbol\circuit</Filter>
    </ClInclude>
    <ClInclude Include="$(MSBuildThisFileDirectory)graphlet\symbol\circuit\switchlet.hpp">
      <Filter>graphlet\symbol\circuit</Filter>
    </ClInclude>
    <ClInclude Include="$(MSBuildThisFileDirectory)graphlet\symbol\circuit\converterlet.hpp">
      <Filter>graphlet\symbol\circuit</Filter>
    </ClInclude>
    <ClInclude Include="$(MSBuildThisFileDirectory)graphlet\device\motorlet.hpp">
      <Filter>graphlet\device</Filter>
    </ClInclude>
    <ClInclude Include="$(MSBuildThisFileDirectory)satellite.hpp" />
    <ClInclude Include="$(MSBuildThisFileDirectory)graphlet\dashboard\cylinderlet.hpp">
      <Filter>graphlet\dashboard</Filter>
    </ClInclude>
    <ClInclude Include="$(MSBuildThisFileDirectory)decorator\table.hpp">
      <Filter>decorator</Filter>
    </ClInclude>
    <ClInclude Include="$(MSBuildThisFileDirectory)test\cyberspace.hpp">
      <Filter>test</Filter>
    </ClInclude>
    <ClInclude Include="$(MSBuildThisFileDirectory)graphlet\device\tanklet.hpp">
      <Filter>graphlet\device</Filter>
    </ClInclude>
    <ClInclude Include="$(MSBuildThisFileDirectory)graphlet\dashboard\alarmlet.hpp">
      <Filter>graphlet\dashboard</Filter>
    </ClInclude>
    <ClInclude Include="$(MSBuildThisFileDirectory)graphlet\symbol\valve\tagged_valvelet.hpp">
      <Filter>graphlet\symbol\valve</Filter>
    </ClInclude>
    <ClInclude Include="$(MSBuildThisFileDirectory)graphlet\symbol\door\hatchlet.hpp">
      <Filter>graphlet\symbol\door</Filter>
    </ClInclude>
    <ClInclude Include="$(MSBuildThisFileDirectory)graphlet\symbol\valve\gate_valvelet.hpp">
      <Filter>graphlet\symbol\valve</Filter>
    </ClInclude>
    <ClInclude Include="$(MSBuildThisFileDirectory)graphlet\symbol\door\hopper_doorlet.hpp">
      <Filter>graphlet\symbol\door</Filter>
    </ClInclude>
    <ClInclude Include="$(MSBuildThisFileDirectory)graphlet\symbol\pump\hopper_pumplet.hpp">
      <Filter>graphlet\symbol\pump</Filter>
    </ClInclude>
    <ClInclude Include="$(MSBuildThisFileDirectory)graphlet\symbol\pump\hydraulic_pumplet.hpp">
      <Filter>graphlet\symbol\pump</Filter>
    </ClInclude>
    <ClInclude Include="$(MSBuildThisFileDirectory)graphlet\dashboard\timeserieslet.hpp">
      <Filter>graphlet\dashboard</Filter>
    </ClInclude>
    <ClInclude Include="$(MSBuildThisFileDirectory)decorator\margin.hpp">
      <Filter>decorator</Filter>
    </ClInclude>
    <ClInclude Include="$(MSBuildThisFileDirectory)graphlet\symbol\valve\manual_valvelet.hpp">
      <Filter>graphlet\symbol\valve</Filter>
    </ClInclude>
    <ClInclude Include="$(MSBuildThisFileDirectory)graphlet\device\overflowlet.hpp">
      <Filter>graphlet\device</Filter>
    </ClInclude>
    <ClInclude Include="$(MSBuildThisFileDirectory)graphlet\device\winchlet.hpp">
      <Filter>graphlet\device</Filter>
    </ClInclude>
    <ClInclude Include="$(MSBuildThisFileDirectory)graphlet\symbol\pump\water_pumplet.hpp">
      <Filter>graphlet\symbol\pump</Filter>
    </ClInclude>
    <ClInclude Include="$(MSBuildThisFileDirectory)graphlet\device\compensatorlet.hpp">
      <Filter>graphlet\device</Filter>
    </ClInclude>
    <ClInclude Include="$(MSBuildThisFileDirectory)graphlet\dashboard\densityflowmeterlet.hpp">
      <Filter>graphlet\dashboard</Filter>
    </ClInclude>
    <ClInclude Include="$(MSBuildThisFileDirectory)graphlet\device\draglet.hpp">
      <Filter>graphlet\device</Filter>
    </ClInclude>
    <ClInclude Include="$(MSBuildThisFileDirectory)graphlet\device\gantrylet.hpp">
      <Filter>graphlet\device</Filter>
    </ClInclude>
    <ClInclude Include="$(MSBuildThisFileDirectory)graphlet\buttonlet.hpp">
      <Filter>graphlet</Filter>
    </ClInclude>
    <ClInclude Include="$(MSBuildThisFileDirectory)virtualization\arrowpad.hpp">
      <Filter>virtualization</Filter>
    </ClInclude>
    <ClInclude Include="$(MSBuildThisFileDirectory)test\performance.hpp">
      <Filter>test</Filter>
    </ClInclude>
    <ClInclude Include="$(MSBuildThisFileDirectory)graphlet\symbol\heaterlet.hpp" />
    <ClInclude Include="D:\WinSCADA\BigBang\graphlet\cylinder\holdhooplet.hpp">
      <Filter>graphlet\cylinder</Filter>
    </ClInclude>
  </ItemGroup>
  <ItemGroup>
    <Filter Include="decorator">
      <UniqueIdentifier>{61fcef44-48ce-4d1a-856e-d8db43e4531e}</UniqueIdentifier>
    </Filter>
    <Filter Include="virtualization">
      <UniqueIdentifier>{51d12611-f966-472f-ba3e-d77571c9ece6}</UniqueIdentifier>
    </Filter>
    <Filter Include="graphlet">
      <UniqueIdentifier>{a14e9e04-43b8-4d62-8917-75bc80410e16}</UniqueIdentifier>
    </Filter>
    <Filter Include="graphlet\symbol">
      <UniqueIdentifier>{acc6700b-b2a3-4cd5-b75d-82a276f1d61c}</UniqueIdentifier>
    </Filter>
    <Filter Include="graphlet\dashboard">
      <UniqueIdentifier>{1ec69507-da52-4431-86ae-c8d178d78e4a}</UniqueIdentifier>
    </Filter>
    <Filter Include="graphlet\symbol\circuit">
      <UniqueIdentifier>{31f950b3-c7ae-469f-ba1b-0ca6d84df122}</UniqueIdentifier>
    </Filter>
    <Filter Include="graphlet\device">
      <UniqueIdentifier>{71e1271c-6732-44d7-bf10-1ff4fea770d1}</UniqueIdentifier>
    </Filter>
    <Filter Include="test">
      <UniqueIdentifier>{cf2335ef-226e-4246-b9c3-37b2e8b7a3d7}</UniqueIdentifier>
    </Filter>
    <Filter Include="stone">
      <UniqueIdentifier>{89470dd2-fef9-486a-8d48-f8d1345f8cad}</UniqueIdentifier>
    </Filter>
    <Filter Include="stone\tongue">
      <UniqueIdentifier>{7618a65a-c50d-493d-9f2e-80d0438f3c4b}</UniqueIdentifier>
    </Filter>
    <Filter Include="stone\tongue\en-US">
      <UniqueIdentifier>{e182ce42-a881-4c49-b757-f71f8c1b60b9}</UniqueIdentifier>
    </Filter>
    <Filter Include="stone\tongue\zh-CN">
      <UniqueIdentifier>{03e8a1f8-adf5-4a8b-9b43-d68e148d2fd2}</UniqueIdentifier>
    </Filter>
    <Filter Include="graphlet\symbol\door">
      <UniqueIdentifier>{04800bc7-b1d8-480f-be5f-74845447e44a}</UniqueIdentifier>
    </Filter>
    <Filter Include="graphlet\symbol\pump">
      <UniqueIdentifier>{f71c3870-f515-4ae7-829b-c628b03079d4}</UniqueIdentifier>
    </Filter>
    <Filter Include="graphlet\symbol\valve">
      <UniqueIdentifier>{ec8ae41d-e2dd-4aba-a338-14e4c490ce89}</UniqueIdentifier>
    </Filter>
    <Filter Include="graphlet\cylinder">
      <UniqueIdentifier>{0edb439b-a790-4cd7-adfc-00bbc74d37d6}</UniqueIdentifier>
    </Filter>
  </ItemGroup>
  <ItemGroup>
    <PRIResource Include="$(MSBuildThisFileDirectory)stone\tongue\en-US\unit.resw">
      <Filter>stone\tongue\en-US</Filter>
    </PRIResource>
    <PRIResource Include="$(MSBuildThisFileDirectory)stone\tongue\zh-CN\unit.resw">
      <Filter>stone\tongue\zh-CN</Filter>
    </PRIResource>
    <PRIResource Include="$(MSBuildThisFileDirectory)stone\tongue\zh-CN\status.resw">
      <Filter>stone\tongue\zh-CN</Filter>
    </PRIResource>
    <PRIResource Include="$(MSBuildThisFileDirectory)stone\tongue\en-US\status.resw">
      <Filter>stone\tongue\en-US</Filter>
    </PRIResource>
    <PRIResource Include="$(MSBuildThisFileDirectory)stone\tongue\en-US\performance.resw">
      <Filter>stone\tongue\en-US</Filter>
    </PRIResource>
    <PRIResource Include="$(MSBuildThisFileDirectory)stone\tongue\zh-CN\performance.resw">
      <Filter>stone\tongue\zh-CN</Filter>
    </PRIResource>
  </ItemGroup>
</Project>