<?xml version="1.0" encoding="utf-8"?>
<Project ToolsVersion="15.0" xmlns="http://schemas.microsoft.com/developer/msbuild/2003">
  <ItemGroup>
    <Filter Include="Common">
      <UniqueIdentifier>a9d609ed-87c6-4e9a-a45c-39f2e6af7650</UniqueIdentifier>
    </Filter>
    <Filter Include="Assets">
      <UniqueIdentifier>a6cd7bed-e238-405b-be5e-c4116e86cabd</UniqueIdentifier>
      <Extensions>bmp;fbx;gif;jpg;jpeg;tga;tiff;tif;png</Extensions>
    </Filter>
    <Filter Include="page">
      <UniqueIdentifier>{9830fb51-14da-4d86-87e2-433c290e279c}</UniqueIdentifier>
    </Filter>
    <Filter Include="Localization">
      <UniqueIdentifier>{d92af6a9-1900-4956-bb89-c52bdcb5aa1d}</UniqueIdentifier>
    </Filter>
    <Filter Include="Localization\en-US">
      <UniqueIdentifier>{a9e63b68-3d50-40e3-9124-b006a0a71e24}</UniqueIdentifier>
    </Filter>
    <Filter Include="Localization\zh-CN">
      <UniqueIdentifier>{b2f8f704-a418-47fc-813f-88579499691a}</UniqueIdentifier>
    </Filter>
  </ItemGroup>
  <ItemGroup>
    <ClCompile Include="App.xaml.cpp" />
    <ClCompile Include="MainPage.xaml.cpp" />
    <ClCompile Include="command.cpp" />
    <ClCompile Include="Yacht.cxx" />
    <ClCompile Include="page\airconditioning.cpp">
      <Filter>page</Filter>
    </ClCompile>
    <ClCompile Include="cosmos.cxx" />
  </ItemGroup>
  <ItemGroup>
    <ClInclude Include="App.xaml.h" />
    <ClInclude Include="MainPage.xaml.h" />
    <ClInclude Include="command.hpp" />
    <ClInclude Include="configuration.hpp" />
    <ClInclude Include="page\airconditioning.hpp">
      <Filter>page</Filter>
    </ClInclude>
    <ClInclude Include="cosmos.hxx" />
  </ItemGroup>
  <ItemGroup>
    <Image Include="Assets\LockScreenLogo.scale-200.png">
      <Filter>Assets</Filter>
    </Image>
    <Image Include="Assets\SplashScreen.scale-200.png">
      <Filter>Assets</Filter>
    </Image>
    <Image Include="Assets\Square150x150Logo.scale-200.png">
      <Filter>Assets</Filter>
    </Image>
    <Image Include="Assets\Square44x44Logo.scale-200.png">
      <Filter>Assets</Filter>
    </Image>
    <Image Include="Assets\Square44x44Logo.targetsize-24_altform-unplated.png">
      <Filter>Assets</Filter>
    </Image>
    <Image Include="Assets\StoreLogo.png">
      <Filter>Assets</Filter>
    </Image>
    <Image Include="Assets\Wide310x150Logo.scale-200.png">
      <Filter>Assets</Filter>
    </Image>
  </ItemGroup>
  <ItemGroup>
    <AppxManifest Include="Package.appxmanifest" />
  </ItemGroup>
  <ItemGroup>
    <None Include="Yacht_TemporaryKey.pfx" />
    <None Include="Yacht.scrbl" />
    <None Include="packages.config" />
  </ItemGroup>
  <ItemGroup>
    <PRIResource Include="Localization\en-US\tongue.resw">
      <Filter>Localization\en-US</Filter>
    </PRIResource>
    <PRIResource Include="Localization\zh-CN\tongue.resw">
      <Filter>Localization\zh-CN</Filter>
    </PRIResource>
  </ItemGroup>
</Project>