<?xml version="1.0" encoding="utf-8"?>
<Project ToolsVersion="4.0" xmlns="http://schemas.microsoft.com/developer/msbuild/2003">
  <ItemGroup>
    <Filter Include="Handbook">
      <UniqueIdentifier>{305e8681-45e1-4e7b-9810-41f349a0548e}</UniqueIdentifier>
    </Filter>
    <Filter Include="Modbus">
      <UniqueIdentifier>{ce06e661-3034-4765-84a7-7e38bcdaf015}</UniqueIdentifier>
    </Filter>
    <Filter Include="misc">
      <UniqueIdentifier>{6561fe98-6d6e-4c21-879f-fc145c11ef81}</UniqueIdentifier>
    </Filter>
    <Filter Include="Handbook\preface">
      <UniqueIdentifier>{9f890214-3bf0-4945-8573-03de71ea8c64}</UniqueIdentifier>
    </Filter>
    <Filter Include="Handbook\infrastructure">
      <UniqueIdentifier>{cf3aecb7-131d-46bc-b018-73a659d81a9e}</UniqueIdentifier>
    </Filter>
  </ItemGroup>
  <ItemGroup>
    <None Include="mkdoc.rkt" />
    <None Include="Handbook\architecture.scrbl">
      <Filter>Handbook</Filter>
    </None>
    <None Include="Handbook\bibliography.rkt">
      <Filter>Handbook</Filter>
    </None>
    <None Include="Handbook\env.rkt">
      <Filter>Handbook</Filter>
    </None>
    <None Include="Handbook\graphviz.rkt">
      <Filter>Handbook</Filter>
    </None>
    <None Include="Handbook\handbook.css">
      <Filter>Handbook</Filter>
    </None>
    <None Include="Handbook\handbook.rkt">
      <Filter>Handbook</Filter>
    </None>
    <None Include="Handbook\infrastructure.scrbl">
      <Filter>Handbook</Filter>
    </None>
    <None Include="Handbook\misc.scrbl">
      <Filter>Handbook</Filter>
    </None>
    <None Include="Handbook\preface.scrbl">
      <Filter>Handbook</Filter>
    </None>
    <None Include="Handbook\statistics.rkt">
      <Filter>Handbook</Filter>
    </None>
    <None Include="Modbus\Modbus.Application.Protocol.pdf">
      <Filter>Modbus</Filter>
    </None>
    <None Include="Modbus\Modbus.Messaging.Implementation.Guide.pdf">
      <Filter>Modbus</Filter>
    </None>
    <None Include="Modbus\CANopen.pdf">
      <Filter>Modbus</Filter>
    </None>
    <None Include="misc\JSF++.pdf">
      <Filter>misc</Filter>
    </None>
    <None Include="Handbook\preface\introducation.scrbl">
      <Filter>Handbook\preface</Filter>
    </None>
    <None Include="Handbook\preface\style.scrbl">
      <Filter>Handbook\preface</Filter>
    </None>
    <None Include="Handbook\infrastructure\modbus.scrbl">
      <Filter>Handbook\infrastructure</Filter>
    </None>
    <None Include="Handbook\infrastructure\syslog.scrbl">
      <Filter>Handbook\infrastructure</Filter>
    </None>
    <None Include="Handbook\infrastructure\graphics.scrbl">
      <Filter>Handbook\infrastructure</Filter>
    </None>
  </ItemGroup>
</Project>