<?xml version="1.0" encoding="utf-8"?>
<Project ToolsVersion="4.0" xmlns="http://schemas.microsoft.com/developer/msbuild/2003">
  <ItemGroup>
    <Filter Include="graphlet">
      <UniqueIdentifier>{0b041fa7-97bb-432f-a9c1-43ea7dada541}</UniqueIdentifier>
    </Filter>
    <Filter Include="graphlet\svg">
      <UniqueIdentifier>{89e6088e-5b51-430b-aeb4-8cb7755d02d6}</UniqueIdentifier>
    </Filter>
    <Filter Include="stone">
      <UniqueIdentifier>{fc8e6c1d-3363-400c-a68b-1f6a064cc5bd}</UniqueIdentifier>
    </Filter>
    <Filter Include="stone\graphlet">
      <UniqueIdentifier>{610427b2-7f7e-4284-95cf-2ce13d23c285}</UniqueIdentifier>
    </Filter>
  </ItemGroup>
  <ItemGroup>
    <None Include="$(MSBuildThisFileDirectory)stone\graphlet\StorageCell.svg" />
    <None Include="$(MSBuildThisFileDirectory)stone\graphlet\CoolPump.svg" />
    <None Include="$(MSBuildThisFileDirectory)stone\graphlet\Generator.svg" />
    <None Include="$(MSBuildThisFileDirectory)stone\graphlet\SolarPowerPanel.svg" />
  </ItemGroup>
  <ItemGroup>
    <ClInclude Include="$(MSBuildThisFileDirectory)graphlet\svg\storagecelletv.hpp">
      <Filter>graphlet\svg</Filter>
    </ClInclude>
    <ClInclude Include="$(MSBuildThisFileDirectory)graphlet\svg\solarinverterletv.hpp">
      <Filter>graphlet\svg</Filter>
    </ClInclude>
  </ItemGroup>
  <ItemGroup>
    <ClCompile Include="$(MSBuildThisFileDirectory)graphlet\svg\storagecelletv.cpp">
      <Filter>graphlet\svg</Filter>
    </ClCompile>
    <ClCompile Include="$(MSBuildThisFileDirectory)graphlet\svg\solarinverterletv.cpp">
      <Filter>graphlet\svg</Filter>
    </ClCompile>
  </ItemGroup>
</Project>