<?xml version="1.0" encoding="utf-8"?>
<Project ToolsVersion="15.0" xmlns="http://schemas.microsoft.com/developer/msbuild/2003">
  <ItemGroup>
    <Filter Include="Common">
      <UniqueIdentifier>a88b286a-26fe-4d0a-8ba4-5dc6caf08fd3</UniqueIdentifier>
    </Filter>
    <Filter Include="Assets">
      <UniqueIdentifier>b67d0f13-52ae-4bd5-94b5-0b8138a64357</UniqueIdentifier>
      <Extensions>bmp;fbx;gif;jpg;jpeg;tga;tiff;tif;png</Extensions>
    </Filter>
    <Filter Include="page">
      <UniqueIdentifier>{f8f87f87-b49f-42f3-a3ac-544762f8bda2}</UniqueIdentifier>
    </Filter>
    <Filter Include="Localization">
      <UniqueIdentifier>{c7e03d77-c31b-433c-b360-d14b9fb860bb}</UniqueIdentifier>
    </Filter>
    <Filter Include="Localization\en-US">
      <UniqueIdentifier>{3158f1bf-cc2d-47e1-84cf-f3246653dc1e}</UniqueIdentifier>
    </Filter>
    <Filter Include="Localization\zh-CN">
      <UniqueIdentifier>{a41e2eee-8436-4b67-b070-cf294c325391}</UniqueIdentifier>
    </Filter>
  </ItemGroup>
  <ItemGroup>
    <ClCompile Include="63FT.cxx" />
    <ClCompile Include="workbench.cxx" />
    <ClCompile Include="page\hydraulic_pressure.cpp">
      <Filter>page</Filter>
    </ClCompile>
    <ClCompile Include="command.cpp" />
  </ItemGroup>
  <ItemGroup>
    <ClInclude Include="workbench.hxx" />
    <ClInclude Include="page\hydraulic_pressure.hpp">
      <Filter>page</Filter>
    </ClInclude>
    <ClInclude Include="command.hpp" />
  </ItemGroup>
  <ItemGroup>
    <Image Include="Assets\LockScreenLogo.scale-200.png">
      <Filter>Assets</Filter>
    </Image>
    <Image Include="Assets\SplashScreen.scale-200.png">
      <Filter>Assets</Filter>
    </Image>
    <Image Include="Assets\Square150x150Logo.scale-200.png">
      <Filter>Assets</Filter>
    </Image>
    <Image Include="Assets\Square44x44Logo.scale-200.png">
      <Filter>Assets</Filter>
    </Image>
    <Image Include="Assets\Square44x44Logo.targetsize-24_altform-unplated.png">
      <Filter>Assets</Filter>
    </Image>
    <Image Include="Assets\StoreLogo.png">
      <Filter>Assets</Filter>
    </Image>
    <Image Include="Assets\Wide310x150Logo.scale-200.png">
      <Filter>Assets</Filter>
    </Image>
  </ItemGroup>
  <ItemGroup>
    <AppxManifest Include="Package.appxmanifest" />
  </ItemGroup>
  <ItemGroup>
    <None Include="63FT_TemporaryKey.pfx" />
    <None Include="packages.config" />
  </ItemGroup>
  <ItemGroup>
    <PRIResource Include="Localization\en-US\tongue.resw">
      <Filter>Localization\en-US</Filter>
    </PRIResource>
    <PRIResource Include="Localization\zh-CN\tongue.resw">
      <Filter>Localization\zh-CN</Filter>
    </PRIResource>
  </ItemGroup>
</Project>