<?xml version="1.0" encoding="utf-8"?>
<Project ToolsVersion="4.0" xmlns="http://schemas.microsoft.com/developer/msbuild/2003">
  <ItemGroup>
    <Filter Include="usr">
      <UniqueIdentifier>{ffad8ad9-334f-4fe8-84b2-66e4938f7e2e}</UniqueIdentifier>
    </Filter>
    <Filter Include="usr\share">
      <UniqueIdentifier>{94957afb-d50b-4ed7-a885-0a2c820ac584}</UniqueIdentifier>
    </Filter>
    <Filter Include="usr\share\lib">
      <UniqueIdentifier>{09c74046-806c-40c1-a855-82e90d4fbb7f}</UniqueIdentifier>
    </Filter>
    <Filter Include="hv">
      <UniqueIdentifier>{99751b37-d015-4ffc-ba3b-7c3bb891443f}</UniqueIdentifier>
    </Filter>
    <Filter Include="usr\share\include">
      <UniqueIdentifier>{2211b20c-bbe2-4013-817c-adc164cda1b9}</UniqueIdentifier>
    </Filter>
  </ItemGroup>
  <ItemGroup>
    <ClInclude Include="$(MSBuildThisFileDirectory)hv\playctrl.hpp">
      <Filter>hv</Filter>
    </ClInclude>
    <ClInclude Include="$(MSBuildThisFileDirectory)usr\share\include\HCNetSDK.h">
      <Filter>usr\share\include</Filter>
    </ClInclude>
    <ClInclude Include="$(MSBuildThisFileDirectory)hv\hcnet.hpp">
      <Filter>hv</Filter>
    </ClInclude>
    <ClInclude Include="$(MSBuildThisFileDirectory)hv\hikvision.hpp">
      <Filter>hv</Filter>
    </ClInclude>
  </ItemGroup>
  <ItemGroup>
    <ClCompile Include="$(MSBuildThisFileDirectory)hv\playctrl.cpp">
      <Filter>hv</Filter>
    </ClCompile>
    <ClCompile Include="$(MSBuildThisFileDirectory)hv\hcnet.cpp">
      <Filter>hv</Filter>
    </ClCompile>
    <ClCompile Include="$(MSBuildThisFileDirectory)hv\hikvision.cpp">
      <Filter>hv</Filter>
    </ClCompile>
  </ItemGroup>
  <ItemGroup>
    <Library Include="$(MSBuildThisFileDirectory)usr\share\lib\HCGeneralCfgMgr.lib">
      <Filter>usr\share\lib</Filter>
    </Library>
    <Library Include="$(MSBuildThisFileDirectory)usr\share\lib\GdiPlus.lib">
      <Filter>usr\share\lib</Filter>
    </Library>
    <Library Include="$(MSBuildThisFileDirectory)usr\share\lib\HCAlarm.lib">
      <Filter>usr\share\lib</Filter>
    </Library>
    <Library Include="$(MSBuildThisFileDirectory)usr\share\lib\HCCore.lib">
      <Filter>usr\share\lib</Filter>
    </Library>
    <Library Include="$(MSBuildThisFileDirectory)usr\share\lib\HCNetSDK.lib">
      <Filter>usr\share\lib</Filter>
    </Library>
    <Library Include="$(MSBuildThisFileDirectory)usr\share\lib\HCPreview.lib">
      <Filter>usr\share\lib</Filter>
    </Library>
    <Library Include="$(MSBuildThisFileDirectory)usr\share\lib\PlayCtrl.lib">
      <Filter>usr\share\lib</Filter>
    </Library>
  </ItemGroup>
  <ItemGroup>
    <None Include="$(MSBuildThisFileDirectory)AudioRender.dll">
      <Filter>usr\share\lib</Filter>
    </None>
    <None Include="$(MSBuildThisFileDirectory)D3DCompiler_43.dll">
      <Filter>usr\share\lib</Filter>
    </None>
    <None Include="$(MSBuildThisFileDirectory)d3dx9_43.dll">
      <Filter>usr\share\lib</Filter>
    </None>
    <None Include="$(MSBuildThisFileDirectory)EagleEyeRender.dll">
      <Filter>usr\share\lib</Filter>
    </None>
    <None Include="$(MSBuildThisFileDirectory)GdiPlus.dll">
      <Filter>usr\share\lib</Filter>
    </None>
    <None Include="$(MSBuildThisFileDirectory)HCCore.dll">
      <Filter>usr\share\lib</Filter>
    </None>
    <None Include="$(MSBuildThisFileDirectory)HCNetSDK.dll">
      <Filter>usr\share\lib</Filter>
    </None>
    <None Include="$(MSBuildThisFileDirectory)HWDecode.dll">
      <Filter>usr\share\lib</Filter>
    </None>
    <None Include="$(MSBuildThisFileDirectory)libmmd.dll">
      <Filter>usr\share\lib</Filter>
    </None>
    <None Include="$(MSBuildThisFileDirectory)MP_Render.dll">
      <Filter>usr\share\lib</Filter>
    </None>
    <None Include="$(MSBuildThisFileDirectory)PlayCtrl.dll">
      <Filter>usr\share\lib</Filter>
    </None>
    <None Include="$(MSBuildThisFileDirectory)SuperRender.dll">
      <Filter>usr\share\lib</Filter>
    </None>
    <None Include="$(MSBuildThisFileDirectory)YUVProcess.dll">
      <Filter>usr\share\lib</Filter>
    </None>
  </ItemGroup>
</Project>