<?xml version="1.0" encoding="utf-8"?>
<Project ToolsVersion="4.0" xmlns="http://schemas.microsoft.com/developer/msbuild/2003">
  <ItemGroup>
    <None Include="Utilities\caddatabase.rkt">
      <Filter>Utilities</Filter>
    </None>
    <None Include="Utilities\caddataextract.rkt">
      <Filter>Utilities</Filter>
    </None>
    <None Include="Utilities\caddatatransform.rkt">
      <Filter>Utilities</Filter>
    </None>
    <None Include="mrit\ch6000m3.rkt">
      <Filter>mrit</Filter>
    </None>
    <None Include="Utilities\fixpng.rkt">
      <Filter>Utilities</Filter>
    </None>
    <None Include="Utilities\fonts.rkt">
      <Filter>Utilities</Filter>
    </None>
    <None Include="Utilities\gb2unicode.rkt">
      <Filter>Utilities</Filter>
    </None>
    <None Include="Utilities\gen_brushes.rkt">
      <Filter>Utilities</Filter>
    </None>
    <None Include="tamer\echo.rkt">
      <Filter>tamer</Filter>
    </None>
    <None Include="tamer\emoji.rkt">
      <Filter>tamer</Filter>
    </None>
    <None Include="tamer\format.rkt">
      <Filter>tamer</Filter>
    </None>
    <None Include="tamer\monad.rkt">
      <Filter>tamer</Filter>
    </None>
    <None Include="tamer\tamer.rkt">
      <Filter>tamer</Filter>
    </None>
    <None Include="libmodbus\hpc.rkt">
      <Filter>libmodbus</Filter>
    </None>
    <None Include="libmodbus\constants.rkt">
      <Filter>libmodbus</Filter>
    </None>
    <None Include="libmodbus\test.rkt">
      <Filter>libmodbus</Filter>
    </None>
    <None Include="libmodbus\unsafe.rkt">
      <Filter>libmodbus</Filter>
    </None>
    <None Include="libmodbus\server.rkt">
      <Filter>libmodbus</Filter>
    </None>
    <None Include="Prototype\bezier.rkt">
      <Filter>Prototype</Filter>
    </None>
    <None Include="Prototype\cabin_rt.rktl">
      <Filter>Prototype</Filter>
    </None>
    <None Include="Prototype\deck_bottom.rktl">
      <Filter>Prototype</Filter>
    </None>
    <None Include="Prototype\deck_top.rktl">
      <Filter>Prototype</Filter>
    </None>
    <None Include="Prototype\flashplayer.rkt">
      <Filter>Prototype</Filter>
    </None>
    <None Include="mrit\yacht.rkt">
      <Filter>mrit</Filter>
    </None>
    <None Include="Prototype\yacht.rkt">
      <Filter>Prototype</Filter>
    </None>
    <None Include="Prototype\yacht.rktl">
      <Filter>Prototype</Filter>
    </None>
    <None Include="Prototype\yacht_psd.rkt">
      <Filter>Prototype</Filter>
    </None>
    <None Include="ORM\cpp.rkt">
      <Filter>ORM</Filter>
    </None>
    <None Include="ORM\normalize.rkt">
      <Filter>ORM</Filter>
    </None>
    <None Include="ORM\schema.rkt">
      <Filter>ORM</Filter>
    </None>
    <None Include="ORM\shadow.rkt">
      <Filter>ORM</Filter>
    </None>
    <None Include="ORM\syntax.rkt">
      <Filter>ORM</Filter>
    </None>
    <None Include="ORM\virtual-sql.rkt">
      <Filter>ORM</Filter>
    </None>
    <None Include="mrit\message.rkt">
      <Filter>mrit</Filter>
    </None>
    <None Include="Prototype\tcpclient.rkt">
      <Filter>mrit</Filter>
    </None>
    <None Include="rsyslog.rkt" />
    <None Include="libmodbus\client.rkt">
      <Filter>libmodbus</Filter>
    </None>
    <None Include="mrit\tcpclient.rkt">
      <Filter>mrit</Filter>
    </None>
    <None Include="mrit\tcpserver.rkt">
      <Filter>mrit</Filter>
    </None>
    <None Include="Prototype\plc.rkt">
      <Filter>Prototype</Filter>
    </None>
    <None Include="Prototype\tcpserver.rkt">
      <Filter>Prototype</Filter>
    </None>
    <None Include="Prototype\udpclient.rkt">
      <Filter>Prototype</Filter>
    </None>
    <None Include="ORM\mkdao.rkt">
      <Filter>ORM</Filter>
    </None>
  </ItemGroup>
  <ItemGroup>
    <Filter Include="mrit">
      <UniqueIdentifier>{04f2cafc-352a-449b-aa58-e8cb81c59901}</UniqueIdentifier>
    </Filter>
    <Filter Include="Utilities">
      <UniqueIdentifier>{67a25cdf-162c-4c9f-a386-7499a0f0cc57}</UniqueIdentifier>
    </Filter>
    <Filter Include="tamer">
      <UniqueIdentifier>{45423e14-d623-4776-a8ee-865ade4566a0}</UniqueIdentifier>
    </Filter>
    <Filter Include="libmodbus">
      <UniqueIdentifier>{9a70a447-7544-45ba-b2c2-c60a7bc0701b}</UniqueIdentifier>
    </Filter>
    <Filter Include="Prototype">
      <UniqueIdentifier>{daed1666-2f09-4ef3-93f1-130c56fa760f}</UniqueIdentifier>
    </Filter>
    <Filter Include="ORM">
      <UniqueIdentifier>{77718b08-bfe9-4271-a26b-1ca98afc52c9}</UniqueIdentifier>
    </Filter>
  </ItemGroup>
</Project>