<?xml version="1.0" encoding="utf-8"?>
<Project ToolsVersion="4.0" xmlns="http://schemas.microsoft.com/developer/msbuild/2003">
  <ItemGroup>
    <Filter Include="Source Files">
      <UniqueIdentifier>{4FC737F1-C7A5-4376-A066-2A32D752A2FF}</UniqueIdentifier>
      <Extensions>cpp;c;cc;cxx;def;odl;idl;hpj;bat;asm;asmx</Extensions>
    </Filter>
    <Filter Include="Header Files">
      <UniqueIdentifier>{93995380-89BD-4b04-88EB-625FBE52EBFB}</UniqueIdentifier>
      <Extensions>h;hh;hpp;hxx;hm;inl;inc;xsd</Extensions>
    </Filter>
    <Filter Include="Resource Files">
      <UniqueIdentifier>{67DA6AB6-F800-4c08-8B7A-83BB121AAD01}</UniqueIdentifier>
      <Extensions>rc;ico;cur;bmp;dlg;rc2;rct;bin;rgs;gif;jpg;jpeg;jpe;resx;tiff;tif;png;wav;mfcribbon-ms</Extensions>
    </Filter>
  </ItemGroup>
  <ItemGroup>
    <None Include="rsyslog.rkt" />
    <None Include="Utilities\caddatabase.rkt" />
    <None Include="Utilities\caddataextract.rkt" />
    <None Include="Utilities\caddatatransform.rkt" />
    <None Include="Utilities\fixpng.rkt" />
    <None Include="Utilities\fonts.rkt" />
    <None Include="Utilities\gb2unicode.rkt" />
    <None Include="Utilities\gen_brushes.rkt" />
    <None Include="tamer\echo.rkt" />
    <None Include="tamer\emoji.rkt" />
    <None Include="tamer\format.rkt" />
    <None Include="tamer\monad.rkt" />
    <None Include="tamer\tamer.rkt" />
    <None Include="Prototype\bezier.rkt" />
    <None Include="Prototype\cabin_rt.rktl" />
    <None Include="Prototype\deck_bottom.rktl" />
    <None Include="Prototype\deck_top.rktl" />
    <None Include="Prototype\flashplayer.rkt" />
    <None Include="Prototype\plc.rkt" />
    <None Include="Prototype\tcpclient.rkt" />
    <None Include="Prototype\tcpserver.rkt" />
    <None Include="Prototype\udpclient.rkt" />
    <None Include="Prototype\yacht.rkt" />
    <None Include="Prototype\yacht.rktl" />
    <None Include="Prototype\yacht_psd.rkt" />
    <None Include="mrit\ch6000m3.rkt" />
    <None Include="mrit\message.rkt" />
    <None Include="mrit\tcpclient.rkt" />
    <None Include="mrit\tcpserver.rkt" />
    <None Include="mrit\yacht.rkt" />
    <None Include="libmodbus\client.rkt" />
    <None Include="libmodbus\constants.rkt" />
    <None Include="libmodbus\hpc.rkt" />
    <None Include="libmodbus\server.rkt" />
    <None Include="libmodbus\test.rkt" />
    <None Include="libmodbus\unsafe.rkt" />
  </ItemGroup>
</Project>