<?xml version="1.0" encoding="utf-8"?>
<Project ToolsVersion="4.0" xmlns="http://schemas.microsoft.com/developer/msbuild/2003">
  <ItemGroup>
    <ClCompile Include="$(MSBuildThisFileDirectory)modbus\client.cpp">
      <Filter>modbus</Filter>
    </ClCompile>
    <ClCompile Include="$(MSBuildThisFileDirectory)modbus\device.cpp">
      <Filter>modbus</Filter>
    </ClCompile>
    <ClCompile Include="$(MSBuildThisFileDirectory)modbus\server.cpp">
      <Filter>modbus</Filter>
    </ClCompile>
    <ClCompile Include="$(MSBuildThisFileDirectory)mrit\master.cpp">
      <Filter>mrit</Filter>
    </ClCompile>
    <ClCompile Include="$(MSBuildThisFileDirectory)shared\databytes.cpp">
      <Filter>shared</Filter>
    </ClCompile>
    <ClCompile Include="$(MSBuildThisFileDirectory)shared\netexn.cpp">
      <Filter>shared</Filter>
    </ClCompile>
    <ClCompile Include="$(MSBuildThisFileDirectory)modbus\test.cpp">
      <Filter>modbus</Filter>
    </ClCompile>
    <ClCompile Include="$(MSBuildThisFileDirectory)modbus\dataunit.cpp" />
    <ClCompile Include="$(MSBuildThisFileDirectory)modbus\exception.cpp" />
    <ClCompile Include="$(MSBuildThisFileDirectory)mrit\message.cpp">
      <Filter>mrit</Filter>
    </ClCompile>
  </ItemGroup>
  <ItemGroup>
    <ClInclude Include="$(MSBuildThisFileDirectory)modbus\client.hpp">
      <Filter>modbus</Filter>
    </ClInclude>
    <ClInclude Include="$(MSBuildThisFileDirectory)modbus\device.hpp">
      <Filter>modbus</Filter>
    </ClInclude>
    <ClInclude Include="$(MSBuildThisFileDirectory)modbus\server.hpp">
      <Filter>modbus</Filter>
    </ClInclude>
    <ClInclude Include="$(MSBuildThisFileDirectory)modbus.hpp" />
    <ClInclude Include="$(MSBuildThisFileDirectory)IPLCClient.hpp" />
    <ClInclude Include="$(MSBuildThisFileDirectory)mrit\magic.hpp">
      <Filter>mrit</Filter>
    </ClInclude>
    <ClInclude Include="$(MSBuildThisFileDirectory)mrit\master.hpp">
      <Filter>mrit</Filter>
    </ClInclude>
    <ClInclude Include="$(MSBuildThisFileDirectory)shared\databytes.hpp">
      <Filter>shared</Filter>
    </ClInclude>
    <ClInclude Include="$(MSBuildThisFileDirectory)modbus\codes.hpp">
      <Filter>modbus</Filter>
    </ClInclude>
    <ClInclude Include="$(MSBuildThisFileDirectory)shared\netexn.hpp">
      <Filter>shared</Filter>
    </ClInclude>
    <ClInclude Include="$(MSBuildThisFileDirectory)shared\taskexn.hpp">
      <Filter>shared</Filter>
    </ClInclude>
    <ClInclude Include="$(MSBuildThisFileDirectory)modbus\test.hpp">
      <Filter>modbus</Filter>
    </ClInclude>
    <ClInclude Include="$(MSBuildThisFileDirectory)modbus\dataunit.hpp" />
    <ClInclude Include="$(MSBuildThisFileDirectory)modbus\exception.hpp" />
    <ClInclude Include="$(MSBuildThisFileDirectory)mrit\message.hpp">
      <Filter>mrit</Filter>
    </ClInclude>
  </ItemGroup>
  <ItemGroup>
    <Filter Include="modbus">
      <UniqueIdentifier>{fec378cd-478c-4226-926b-a964d983b88d}</UniqueIdentifier>
    </Filter>
    <Filter Include="mrit">
      <UniqueIdentifier>{4f607493-aed9-4100-9b5f-c9b7f0b8448e}</UniqueIdentifier>
    </Filter>
    <Filter Include="shared">
      <UniqueIdentifier>{f6773d1d-8c5e-4702-b2fa-03aedb38b9cb}</UniqueIdentifier>
    </Filter>
  </ItemGroup>
</Project>