<?xml version="1.0" encoding="utf-8"?>
<Project ToolsVersion="4.0" xmlns="http://schemas.microsoft.com/developer/msbuild/2003">
  <ItemGroup>
    <Filter Include="syslog">
      <UniqueIdentifier>{99fc8653-d037-4284-8310-118f89dd3cb4}</UniqueIdentifier>
    </Filter>
    <Filter Include="syslog\receiver">
      <UniqueIdentifier>{fdf27f9a-5b1d-460d-b1f0-c051ba569b74}</UniqueIdentifier>
    </Filter>
  </ItemGroup>
  <ItemGroup>
    <ClInclude Include="$(MSBuildThisFileDirectory)syslog\logging.hpp">
      <Filter>syslog</Filter>
    </ClInclude>
    <ClInclude Include="$(MSBuildThisFileDirectory)syslog.hpp" />
    <ClInclude Include="$(MSBuildThisFileDirectory)syslog\receiver\stdout.hpp" />
    <ClInclude Include="$(MSBuildThisFileDirectory)syslog\receiver\racket.hpp" />
  </ItemGroup>
  <ItemGroup>
    <ClCompile Include="$(MSBuildThisFileDirectory)syslog\logging.cpp">
      <Filter>syslog</Filter>
    </ClCompile>
    <ClCompile Include="$(MSBuildThisFileDirectory)syslog.cpp" />
    <ClCompile Include="$(MSBuildThisFileDirectory)syslog\receiver\stdout.cpp" />
    <ClCompile Include="$(MSBuildThisFileDirectory)syslog\receiver\racket.cpp" />
  </ItemGroup>
</Project>