<?xml version="1.0" encoding="utf-8"?>
<Project ToolsVersion="15.0" xmlns="http://schemas.microsoft.com/developer/msbuild/2003">
  <ItemGroup>
    <Filter Include="Assets">
      <UniqueIdentifier>06266bb5-785b-433a-9fc0-c94a59272319</UniqueIdentifier>
      <Extensions>bmp;fbx;gif;jpg;jpeg;tga;tiff;tif;png</Extensions>
    </Filter>
    <Filter Include="page">
      <UniqueIdentifier>{7531e696-e7c2-47f3-a1ff-27dddae97b8e}</UniqueIdentifier>
    </Filter>
    <Filter Include="decorator">
      <UniqueIdentifier>{eecbda96-f292-46b6-8faa-b10211167408}</UniqueIdentifier>
    </Filter>
    <Filter Include="stone">
      <UniqueIdentifier>{bbc893c4-006f-43e5-9afa-9d1b40b24eb9}</UniqueIdentifier>
    </Filter>
    <Filter Include="stone\tongue">
      <UniqueIdentifier>{4aed4355-aa89-490e-ac2f-1df7c274121f}</UniqueIdentifier>
    </Filter>
    <Filter Include="stone\tongue\en-US">
      <UniqueIdentifier>{dda3866b-7c10-438f-a837-b59172a135b6}</UniqueIdentifier>
    </Filter>
    <Filter Include="stone\tongue\zh-CN">
      <UniqueIdentifier>{5a760ac3-79f5-49f7-83c1-00944243d4d0}</UniqueIdentifier>
    </Filter>
    <Filter Include="schema">
      <UniqueIdentifier>{f56f01fb-ab2b-409e-af09-3b1dfeadb7a8}</UniqueIdentifier>
    </Filter>
  </ItemGroup>
  <ItemGroup>
    <ClCompile Include="ch6000m3.cxx" />
    <ClCompile Include="page\hydraulics.cpp">
      <Filter>page</Filter>
    </ClCompile>
    <ClCompile Include="plc.cpp" />
    <ClCompile Include="decorator\page.cpp">
      <Filter>decorator</Filter>
    </ClCompile>
    <ClCompile Include="page\sealed_waters.cpp">
      <Filter>page</Filter>
    </ClCompile>
    <ClCompile Include="page\hopper_doors.cpp">
      <Filter>page</Filter>
    </ClCompile>
    <ClCompile Include="page\draughts.cpp">
      <Filter>page</Filter>
    </ClCompile>
    <ClCompile Include="page\flushs.cpp">
      <Filter>page</Filter>
    </ClCompile>
    <ClCompile Include="splash.cpp" />
    <ClCompile Include="gallery.cpp" />
    <ClCompile Include="page\dredges.cpp">
      <Filter>page</Filter>
    </ClCompile>
    <ClCompile Include="schema\ai_dredges.cpp">
      <Filter>schema</Filter>
    </ClCompile>
    <ClCompile Include="page\lubricatings.cpp">
      <Filter>page</Filter>
    </ClCompile>
    <ClCompile Include="page\charges.cpp">
      <Filter>page</Filter>
    </ClCompile>
    <ClCompile Include="page\discharges.cpp">
      <Filter>page</Filter>
    </ClCompile>
  </ItemGroup>
  <ItemGroup>
    <ClInclude Include="configuration.hpp" />
    <ClInclude Include="page\hydraulics.hpp">
      <Filter>page</Filter>
    </ClInclude>
    <ClInclude Include="plc.hpp" />
    <ClInclude Include="decorator\page.hpp">
      <Filter>decorator</Filter>
    </ClInclude>
    <ClInclude Include="page\sealed_waters.hpp">
      <Filter>page</Filter>
    </ClInclude>
    <ClInclude Include="page\hopper_doors.hpp">
      <Filter>page</Filter>
    </ClInclude>
    <ClInclude Include="page\draughts.hpp">
      <Filter>page</Filter>
    </ClInclude>
    <ClInclude Include="page\flushs.hpp">
      <Filter>page</Filter>
    </ClInclude>
    <ClInclude Include="splash.hpp" />
    <ClInclude Include="schema\di_doors.hpp">
      <Filter>schema</Filter>
    </ClInclude>
    <ClInclude Include="schema\di_pumps.hpp">
      <Filter>schema</Filter>
    </ClInclude>
    <ClInclude Include="schema\di_valves.hpp">
      <Filter>schema</Filter>
    </ClInclude>
    <ClInclude Include="schema\di_hopper_pumps.hpp">
      <Filter>schema</Filter>
    </ClInclude>
    <ClInclude Include="gallery.hpp" />
    <ClInclude Include="page\dredges.hpp">
      <Filter>page</Filter>
    </ClInclude>
    <ClInclude Include="schema\ai_dredges.hpp">
      <Filter>schema</Filter>
    </ClInclude>
    <ClInclude Include="schema\ai_pumps.hpp">
      <Filter>schema</Filter>
    </ClInclude>
    <ClInclude Include="schema\do_pumps.hpp">
      <Filter>schema</Filter>
    </ClInclude>
    <ClInclude Include="schema\di_dredges.hpp">
      <Filter>schema</Filter>
    </ClInclude>
    <ClInclude Include="schema\do_dredges.hpp">
      <Filter>schema</Filter>
    </ClInclude>
    <ClInclude Include="schema\ai_doors.hpp">
      <Filter>schema</Filter>
    </ClInclude>
    <ClInclude Include="schema\do_doors.hpp">
      <Filter>schema</Filter>
    </ClInclude>
    <ClInclude Include="schema\ai_valves.hpp">
      <Filter>schema</Filter>
    </ClInclude>
    <ClInclude Include="schema\do_valves.hpp">
      <Filter>schema</Filter>
    </ClInclude>
    <ClInclude Include="schema\do_hopper_pumps.hpp">
      <Filter>schema</Filter>
    </ClInclude>
    <ClInclude Include="schema\do_devices.hpp">
      <Filter>schema</Filter>
    </ClInclude>
    <ClInclude Include="schema\ai_metrics.hpp">
      <Filter>schema</Filter>
    </ClInclude>
    <ClInclude Include="page\lubricatings.hpp">
      <Filter>page</Filter>
    </ClInclude>
    <ClInclude Include="schema\di_water_pumps.hpp">
      <Filter>schema</Filter>
    </ClInclude>
    <ClInclude Include="schema\ai_water_pumps.hpp">
      <Filter>schema</Filter>
    </ClInclude>
    <ClInclude Include="page\charges.hpp">
      <Filter>page</Filter>
    </ClInclude>
    <ClInclude Include="page\discharges.hpp">
      <Filter>page</Filter>
    </ClInclude>
    <ClInclude Include="schema\ai_hopper_pumps.hpp">
      <Filter>schema</Filter>
    </ClInclude>
    <ClInclude Include="schema\ao_pumps.hpp">
      <Filter>schema</Filter>
    </ClInclude>
  </ItemGroup>
  <ItemGroup>
    <Image Include="Assets\LockScreenLogo.scale-200.png">
      <Filter>Assets</Filter>
    </Image>
    <Image Include="Assets\SplashScreen.scale-200.png">
      <Filter>Assets</Filter>
    </Image>
    <Image Include="Assets\Square150x150Logo.scale-200.png">
      <Filter>Assets</Filter>
    </Image>
    <Image Include="Assets\Square44x44Logo.scale-200.png">
      <Filter>Assets</Filter>
    </Image>
    <Image Include="Assets\Square44x44Logo.targetsize-24_altform-unplated.png">
      <Filter>Assets</Filter>
    </Image>
    <Image Include="Assets\Wide310x150Logo.scale-200.png">
      <Filter>Assets</Filter>
    </Image>
    <Image Include="Assets\SmallTile.scale-100.png">
      <Filter>Assets</Filter>
    </Image>
    <Image Include="Assets\SmallTile.scale-125.png">
      <Filter>Assets</Filter>
    </Image>
    <Image Include="Assets\SmallTile.scale-150.png">
      <Filter>Assets</Filter>
    </Image>
    <Image Include="Assets\SmallTile.scale-200.png">
      <Filter>Assets</Filter>
    </Image>
    <Image Include="Assets\SmallTile.scale-400.png">
      <Filter>Assets</Filter>
    </Image>
    <Image Include="Assets\Square150x150Logo.scale-100.png">
      <Filter>Assets</Filter>
    </Image>
    <Image Include="Assets\Square150x150Logo.scale-125.png">
      <Filter>Assets</Filter>
    </Image>
    <Image Include="Assets\Square150x150Logo.scale-150.png">
      <Filter>Assets</Filter>
    </Image>
    <Image Include="Assets\Square150x150Logo.scale-400.png">
      <Filter>Assets</Filter>
    </Image>
    <Image Include="Assets\Wide310x150Logo.scale-100.png">
      <Filter>Assets</Filter>
    </Image>
    <Image Include="Assets\Wide310x150Logo.scale-125.png">
      <Filter>Assets</Filter>
    </Image>
    <Image Include="Assets\Wide310x150Logo.scale-150.png">
      <Filter>Assets</Filter>
    </Image>
    <Image Include="Assets\Wide310x150Logo.scale-400.png">
      <Filter>Assets</Filter>
    </Image>
    <Image Include="Assets\LargeTile.scale-100.png">
      <Filter>Assets</Filter>
    </Image>
    <Image Include="Assets\LargeTile.scale-125.png">
      <Filter>Assets</Filter>
    </Image>
    <Image Include="Assets\LargeTile.scale-150.png">
      <Filter>Assets</Filter>
    </Image>
    <Image Include="Assets\LargeTile.scale-200.png">
      <Filter>Assets</Filter>
    </Image>
    <Image Include="Assets\LargeTile.scale-400.png">
      <Filter>Assets</Filter>
    </Image>
    <Image Include="Assets\Square44x44Logo.scale-100.png">
      <Filter>Assets</Filter>
    </Image>
    <Image Include="Assets\Square44x44Logo.scale-125.png">
      <Filter>Assets</Filter>
    </Image>
    <Image Include="Assets\Square44x44Logo.scale-150.png">
      <Filter>Assets</Filter>
    </Image>
    <Image Include="Assets\Square44x44Logo.scale-400.png">
      <Filter>Assets</Filter>
    </Image>
    <Image Include="Assets\Square44x44Logo.targetsize-16.png">
      <Filter>Assets</Filter>
    </Image>
    <Image Include="Assets\Square44x44Logo.targetsize-24.png">
      <Filter>Assets</Filter>
    </Image>
    <Image Include="Assets\Square44x44Logo.targetsize-32.png">
      <Filter>Assets</Filter>
    </Image>
    <Image Include="Assets\Square44x44Logo.targetsize-48.png">
      <Filter>Assets</Filter>
    </Image>
    <Image Include="Assets\Square44x44Logo.targetsize-256.png">
      <Filter>Assets</Filter>
    </Image>
    <Image Include="Assets\Square44x44Logo.altform-unplated_targetsize-16.png">
      <Filter>Assets</Filter>
    </Image>
    <Image Include="Assets\Square44x44Logo.altform-unplated_targetsize-32.png">
      <Filter>Assets</Filter>
    </Image>
    <Image Include="Assets\Square44x44Logo.altform-unplated_targetsize-48.png">
      <Filter>Assets</Filter>
    </Image>
    <Image Include="Assets\Square44x44Logo.altform-unplated_targetsize-256.png">
      <Filter>Assets</Filter>
    </Image>
    <Image Include="Assets\SplashScreen.scale-100.png">
      <Filter>Assets</Filter>
    </Image>
    <Image Include="Assets\SplashScreen.scale-125.png">
      <Filter>Assets</Filter>
    </Image>
    <Image Include="Assets\SplashScreen.scale-150.png">
      <Filter>Assets</Filter>
    </Image>
    <Image Include="Assets\SplashScreen.scale-400.png">
      <Filter>Assets</Filter>
    </Image>
    <Image Include="Assets\StoreLogo.scale-100.png">
      <Filter>Assets</Filter>
    </Image>
    <Image Include="Assets\StoreLogo.scale-125.png">
      <Filter>Assets</Filter>
    </Image>
    <Image Include="Assets\StoreLogo.scale-150.png">
      <Filter>Assets</Filter>
    </Image>
    <Image Include="Assets\StoreLogo.scale-200.png">
      <Filter>Assets</Filter>
    </Image>
    <Image Include="Assets\StoreLogo.scale-400.png">
      <Filter>Assets</Filter>
    </Image>
  </ItemGroup>
  <ItemGroup>
    <AppxManifest Include="Package.appxmanifest" />
  </ItemGroup>
  <ItemGroup>
    <None Include="ch6000m3_TemporaryKey.pfx" />
    <None Include="packages.config" />
    <None Include="ch6000m3.scrbl" />
    <None Include="Assets\ch6000m3.rkt">
      <Filter>Assets</Filter>
    </None>
  </ItemGroup>
  <ItemGroup>
    <PRIResource Include="stone\tongue\en-US\tongue.resw">
      <Filter>stone\tongue\en-US</Filter>
    </PRIResource>
    <PRIResource Include="stone\tongue\zh-CN\tongue.resw">
      <Filter>stone\tongue\zh-CN</Filter>
    </PRIResource>
    <PRIResource Include="stone\tongue\en-US\hydraulics.resw">
      <Filter>stone\tongue\en-US</Filter>
    </PRIResource>
    <PRIResource Include="stone\tongue\zh-CN\hydraulics.resw">
      <Filter>stone\tongue\zh-CN</Filter>
    </PRIResource>
    <PRIResource Include="stone\tongue\en-US\menu.resw">
      <Filter>stone\tongue\en-US</Filter>
    </PRIResource>
    <PRIResource Include="stone\tongue\zh-CN\menu.resw">
      <Filter>stone\tongue\zh-CN</Filter>
    </PRIResource>
    <PRIResource Include="stone\tongue\en-US\sealed_waters.resw">
      <Filter>stone\tongue\en-US</Filter>
    </PRIResource>
    <PRIResource Include="stone\tongue\zh-CN\sealed_waters.resw">
      <Filter>stone\tongue\zh-CN</Filter>
    </PRIResource>
    <PRIResource Include="stone\tongue\en-US\hopper_doors.resw">
      <Filter>stone\tongue\en-US</Filter>
    </PRIResource>
    <PRIResource Include="stone\tongue\zh-CN\hopper_doors.resw">
      <Filter>stone\tongue\zh-CN</Filter>
    </PRIResource>
    <PRIResource Include="stone\tongue\en-US\draughts.resw">
      <Filter>stone\tongue\en-US</Filter>
    </PRIResource>
    <PRIResource Include="stone\tongue\zh-CN\draughts.resw">
      <Filter>stone\tongue\zh-CN</Filter>
    </PRIResource>
    <PRIResource Include="stone\tongue\en-US\flushs.resw">
      <Filter>stone\tongue\en-US</Filter>
    </PRIResource>
    <PRIResource Include="stone\tongue\zh-CN\flushs.resw">
      <Filter>stone\tongue\zh-CN</Filter>
    </PRIResource>
    <PRIResource Include="stone\tongue\en-US\gallery.resw">
      <Filter>stone\tongue\en-US</Filter>
    </PRIResource>
    <PRIResource Include="stone\tongue\zh-CN\gallery.resw">
      <Filter>stone\tongue\zh-CN</Filter>
    </PRIResource>
    <PRIResource Include="stone\tongue\en-US\dredges.resw">
      <Filter>stone\tongue\en-US</Filter>
    </PRIResource>
    <PRIResource Include="stone\tongue\zh-CN\dredges.resw">
      <Filter>stone\tongue\zh-CN</Filter>
    </PRIResource>
    <PRIResource Include="stone\tongue\en-US\lubricatings.resw">
      <Filter>stone\tongue\en-US</Filter>
    </PRIResource>
    <PRIResource Include="stone\tongue\zh-CN\lubricatings.resw">
      <Filter>stone\tongue\zh-CN</Filter>
    </PRIResource>
    <PRIResource Include="stone\tongue\zh-CN\charges.resw">
      <Filter>stone\tongue\zh-CN</Filter>
    </PRIResource>
    <PRIResource Include="stone\tongue\en-US\charges.resw">
      <Filter>stone\tongue\en-US</Filter>
    </PRIResource>
    <PRIResource Include="stone\tongue\en-US\discharges.resw">
      <Filter>stone\tongue\en-US</Filter>
    </PRIResource>
    <PRIResource Include="stone\tongue\zh-CN\discharges.resw">
      <Filter>stone\tongue\zh-CN</Filter>
    </PRIResource>
  </ItemGroup>
</Project>