<?xml version="1.0" encoding="utf-8"?>
<Project ToolsVersion="15.0" xmlns="http://schemas.microsoft.com/developer/msbuild/2003">
  <ItemGroup>
    <Filter Include="Assets">
      <UniqueIdentifier>06266bb5-785b-433a-9fc0-c94a59272319</UniqueIdentifier>
      <Extensions>bmp;fbx;gif;jpg;jpeg;tga;tiff;tif;png</Extensions>
    </Filter>
    <Filter Include="page">
      <UniqueIdentifier>{7531e696-e7c2-47f3-a1ff-27dddae97b8e}</UniqueIdentifier>
    </Filter>
    <Filter Include="usr">
      <UniqueIdentifier>{0d151f54-1f55-4743-863a-4243983c04c5}</UniqueIdentifier>
    </Filter>
    <Filter Include="usr\share">
      <UniqueIdentifier>{bbc893c4-006f-43e5-9afa-9d1b40b24eb9}</UniqueIdentifier>
    </Filter>
    <Filter Include="usr\share\locale">
      <UniqueIdentifier>{4aed4355-aa89-490e-ac2f-1df7c274121f}</UniqueIdentifier>
    </Filter>
    <Filter Include="usr\share\locale\en-US">
      <UniqueIdentifier>{dda3866b-7c10-438f-a837-b59172a135b6}</UniqueIdentifier>
    </Filter>
    <Filter Include="usr\share\locale\zh-CN">
      <UniqueIdentifier>{5a760ac3-79f5-49f7-83c1-00944243d4d0}</UniqueIdentifier>
    </Filter>
    <Filter Include="decorator">
      <UniqueIdentifier>{eecbda96-f292-46b6-8faa-b10211167408}</UniqueIdentifier>
    </Filter>
  </ItemGroup>
  <ItemGroup>
    <ClCompile Include="ch6000m3.cxx" />
    <ClCompile Include="page\graphlets.cpp">
      <Filter>page</Filter>
    </ClCompile>
    <ClCompile Include="page\hydraulics.cpp">
      <Filter>page</Filter>
    </ClCompile>
    <ClCompile Include="plc.cpp" />
    <ClCompile Include="decorator\page.cpp">
      <Filter>decorator</Filter>
    </ClCompile>
  </ItemGroup>
  <ItemGroup>
    <ClInclude Include="configuration.hpp" />
    <ClInclude Include="page\graphlets.hpp">
      <Filter>page</Filter>
    </ClInclude>
    <ClInclude Include="page\hydraulics.hpp">
      <Filter>page</Filter>
    </ClInclude>
    <ClInclude Include="plc.hpp" />
    <ClInclude Include="decorator\page.hpp">
      <Filter>decorator</Filter>
    </ClInclude>
    <ClInclude Include="dashboard.hpp" />
  </ItemGroup>
  <ItemGroup>
    <Image Include="Assets\LockScreenLogo.scale-200.png">
      <Filter>Assets</Filter>
    </Image>
    <Image Include="Assets\SplashScreen.scale-200.png">
      <Filter>Assets</Filter>
    </Image>
    <Image Include="Assets\Square150x150Logo.scale-200.png">
      <Filter>Assets</Filter>
    </Image>
    <Image Include="Assets\Square44x44Logo.scale-200.png">
      <Filter>Assets</Filter>
    </Image>
    <Image Include="Assets\Square44x44Logo.targetsize-24_altform-unplated.png">
      <Filter>Assets</Filter>
    </Image>
    <Image Include="Assets\StoreLogo.png">
      <Filter>Assets</Filter>
    </Image>
    <Image Include="Assets\Wide310x150Logo.scale-200.png">
      <Filter>Assets</Filter>
    </Image>
  </ItemGroup>
  <ItemGroup>
    <AppxManifest Include="Package.appxmanifest" />
  </ItemGroup>
  <ItemGroup>
    <None Include="ch6000m3_TemporaryKey.pfx" />
    <None Include="packages.config" />
    <None Include="ch6000m3.scrbl" />
    <None Include="Assets\ch6000m3.rkt">
      <Filter>Assets</Filter>
    </None>
    <None Include="Reference\M50268-282-010 吸排管系原理图-Model.pdf" />
    <None Include="Reference\M50268-282-015 高压冲水原理图-Model.pdf" />
    <None Include="Reference\M50268-494-001_O_泥泵封水及闸阀冲水管系2017.09.15.dwg" />
    <None Include="Reference\MRIT1611-126-017 数据字典180418.xls" />
    <None Include="Reference\长航6000方杷吸船疏浚控制系统功能说明书170921，初版.doc" />
  </ItemGroup>
  <ItemGroup>
    <PRIResource Include="usr\share\locale\en-US\tongue.resw">
      <Filter>usr\share\locale\en-US</Filter>
    </PRIResource>
    <PRIResource Include="usr\share\locale\zh-CN\tongue.resw">
      <Filter>usr\share\locale\zh-CN</Filter>
    </PRIResource>
  </ItemGroup>
</Project>