<?xml version="1.0" encoding="utf-8"?>
<Project ToolsVersion="15.0" xmlns="http://schemas.microsoft.com/developer/msbuild/2003">
  <ItemGroup>
    <Filter Include="Common">
      <UniqueIdentifier>a48fbec3-58b7-44ff-b428-4b63cd1c0f23</UniqueIdentifier>
    </Filter>
    <Filter Include="Assets">
      <UniqueIdentifier>06266bb5-785b-433a-9fc0-c94a59272319</UniqueIdentifier>
      <Extensions>bmp;fbx;gif;jpg;jpeg;tga;tiff;tif;png</Extensions>
    </Filter>
    <Filter Include="Localization">
      <UniqueIdentifier>{4aed4355-aa89-490e-ac2f-1df7c274121f}</UniqueIdentifier>
    </Filter>
    <Filter Include="Localization\en-US">
      <UniqueIdentifier>{dda3866b-7c10-438f-a837-b59172a135b6}</UniqueIdentifier>
    </Filter>
    <Filter Include="Localization\zh-CN">
      <UniqueIdentifier>{5a760ac3-79f5-49f7-83c1-00944243d4d0}</UniqueIdentifier>
    </Filter>
    <Filter Include="page">
      <UniqueIdentifier>{7531e696-e7c2-47f3-a1ff-27dddae97b8e}</UniqueIdentifier>
    </Filter>
    <Filter Include="graphlet">
      <UniqueIdentifier>{e1753d11-e073-49f7-90c2-9c17acc77e3e}</UniqueIdentifier>
    </Filter>
  </ItemGroup>
  <ItemGroup>
    <ClCompile Include="cosmos.cxx" />
    <ClCompile Include="ch6000m3.cxx" />
    <ClCompile Include="page\hp_single.cpp">
      <Filter>page</Filter>
    </ClCompile>
    <ClCompile Include="page\graphlets.cpp">
      <Filter>page</Filter>
    </ClCompile>
    <ClCompile Include="decorator\page.cpp" />
  </ItemGroup>
  <ItemGroup>
    <ClInclude Include="cosmos.hxx" />
    <ClInclude Include="configuration.hpp" />
    <ClInclude Include="page\hp_single.hpp">
      <Filter>page</Filter>
    </ClInclude>
    <ClInclude Include="page\graphlets.hpp">
      <Filter>page</Filter>
    </ClInclude>
    <ClInclude Include="decorator\page.hpp" />
  </ItemGroup>
  <ItemGroup>
    <Image Include="Assets\LockScreenLogo.scale-200.png">
      <Filter>Assets</Filter>
    </Image>
    <Image Include="Assets\SplashScreen.scale-200.png">
      <Filter>Assets</Filter>
    </Image>
    <Image Include="Assets\Square150x150Logo.scale-200.png">
      <Filter>Assets</Filter>
    </Image>
    <Image Include="Assets\Square44x44Logo.scale-200.png">
      <Filter>Assets</Filter>
    </Image>
    <Image Include="Assets\Square44x44Logo.targetsize-24_altform-unplated.png">
      <Filter>Assets</Filter>
    </Image>
    <Image Include="Assets\StoreLogo.png">
      <Filter>Assets</Filter>
    </Image>
    <Image Include="Assets\Wide310x150Logo.scale-200.png">
      <Filter>Assets</Filter>
    </Image>
  </ItemGroup>
  <ItemGroup>
    <AppxManifest Include="Package.appxmanifest" />
  </ItemGroup>
  <ItemGroup>
    <None Include="ch6000m3_TemporaryKey.pfx" />
    <None Include="packages.config" />
    <None Include="ch6000m3.scrbl" />
  </ItemGroup>
  <ItemGroup>
    <PRIResource Include="Localization\en-US\tongue.resw">
      <Filter>Localization\en-US</Filter>
    </PRIResource>
    <PRIResource Include="Localization\zh-CN\tongue.resw">
      <Filter>Localization\zh-CN</Filter>
    </PRIResource>
  </ItemGroup>
</Project>